lockfileVersion: '9.0'

settings:
  autoInstallPeers: true
  excludeLinksFromLockfile: false

importers:

  .:
    devDependencies:
      '@minify-html/node':
        specifier: ^0.18.1
        version: 0.18.1
      '@swc/html':
        specifier: ^1.15.11
        version: 1.15.24
      cssnano:
        specifier: ^7.1.2
        version: 7.1.4(postcss@8.5.8)
      html-minifier-next:
        specifier: ^5.0.3
        version: 5.2.2
      html-minifier-terser:
        specifier: ^7.2.0
        version: 7.2.0
      htmlnano:
        specifier: ^3.1.0
        version: 3.2.0(cssnano@7.1.4(postcss@8.5.8))(postcss@8.5.8)(relateurl@0.2.7)(svgo@4.0.1)(terser@5.46.1)
      lightningcss:
        specifier: ^1.31.1
        version: 1.32.0
      svgo:
        specifier: ^4.0.0
        version: 4.0.1

packages:

  '@babel/code-frame@7.29.0':
    resolution: {integrity: sha512-9NhCeYjq9+3uxgdtp20LSiJXJvN0FeCtNGpJxuMFZ1Kv3cWUNb6DOhJwUvcVCzKGR66cw4njwM6hrJLqgOwbcw==}
    engines: {node: '>=6.9.0'}

  '@babel/helper-validator-identifier@7.28.5':
    resolution: {integrity: sha512-qSs4ifwzKJSV39ucNjsvc6WVHs6b7S03sOh2OcHF9UHfVPqWWALUsNUVzhSBiItjRZoLHx7nIarVjqKVusUZ1Q==}
    engines: {node: '>=6.9.0'}

  '@colordx/core@5.0.3':
    resolution: {integrity: sha512-xBQ0MYRTNNxW3mS2sJtlQTT7C3Sasqgh1/PsHva7fyDb5uqYY+gv9V0utDdX8X80mqzbGz3u/IDJdn2d/uW09g==}

  '@jridgewell/gen-mapping@0.3.13':
    resolution: {integrity: sha512-2kkt/7niJ6MgEPxF0bYdQ6etZaA+fQvDcLKckhy1yIQOzaoKjBBjSj63/aLVjYE3qhRt5dvM+uUyfCg6UKCBbA==}

  '@jridgewell/resolve-uri@3.1.2':
    resolution: {integrity: sha512-bRISgCIjP20/tbWSPWMEi54QVPRZExkuD9lJL+UIxUKtwVJA8wW1Trb1jMs1RFXo1CBTNZ/5hpC9QvmKWdopKw==}
    engines: {node: '>=6.0.0'}

  '@jridgewell/source-map@0.3.11':
    resolution: {integrity: sha512-ZMp1V8ZFcPG5dIWnQLr3NSI1MiCU7UETdS/A0G8V/XWHvJv3ZsFqutJn1Y5RPmAPX6F3BiE397OqveU/9NCuIA==}

  '@jridgewell/sourcemap-codec@1.5.5':
    resolution: {integrity: sha512-cYQ9310grqxueWbl+WuIUIaiUaDcj7WOq5fVhEljNVgRfOUhY9fy2zTvfoqWsnebh8Sl70VScFbICvJnLKB0Og==}

  '@jridgewell/trace-mapping@0.3.31':
    resolution: {integrity: sha512-zzNR+SdQSDJzc8joaeP8QQoCQr8NuYx2dIIytl1QeBEZHJ9uW6hebsrYgbz8hJwUQao3TWCMtmfV8Nu1twOLAw==}

  '@minify-html/node-darwin-arm64@0.18.1':
    resolution: {integrity: sha512-sc/VJHRcHtEk0IQP2hRA/TWkAQntaYH3RCw8n750NbfzliQqkyrDqNAGiKBOli7UlhFtG/H2aWqGjtOjIM/dZA==}
    cpu: [arm64]
    os: [darwin]

  '@minify-html/node-darwin-x64@0.18.1':
    resolution: {integrity: sha512-0bff2ng4Vgp3+kdC8zgjd5dMN04zkM4nGuYEVP4dLR7J5NCD/Ka4XD4CKNSDZ9goLYQ8BjtKD6AeDTfJ8KBjrA==}
    cpu: [x64]
    os: [darwin]

  '@minify-html/node-linux-arm64@0.18.1':
    resolution: {integrity: sha512-CVGu5XVmmDrGFuA9/b/695rJBFvfTZFwKJJYA1ZXAsBZrqlKVO4bfXPq9DVNmhQ76ky3LFtVZ/+UsU7xpyK5Qw==}
    cpu: [arm64]
    os: [linux]

  '@minify-html/node-linux-x64@0.18.1':
    resolution: {integrity: sha512-qmIv4kRyhZTKO3nXDXHlFrhnmwIKTM57ZRomlYRYdZTWiFW3CbJ4Ggg57qIgx7D/t4dgyS7/O8OTetrWvmEg9w==}
    cpu: [x64]
    os: [linux]

  '@minify-html/node-win32-x64@0.18.1':
    resolution: {integrity: sha512-SNRE/NvcKXvh4UwXTRrujNSWaCj/3E+FFN+FLOBaN4FY+dZG83h6nWxGHJ5+LAoJxVTU7Al1e8toi4JjHpzv2w==}
    cpu: [x64]
    os: [win32]

  '@minify-html/node@0.18.1':
    resolution: {integrity: sha512-pNOv6z9zUDrjTU1+VcPOnDzGeaaqd6m9kbyHU+sg9O35450uzfke8ahx8gKlFdp/kQFrRn2rFIGAoANUZ62nSw==}
    engines: {node: '>= 8.6.0'}
    hasBin: true

  '@swc/counter@0.1.3':
    resolution: {integrity: sha512-e2BR4lsJkkRlKZ/qCHPw9ZaSxc0MVUd7gtbtaB7aMvHeJVYe8sOB8DBZkP2DtISHGSku9sCK6T6cnY0CtXrOCQ==}

  '@swc/html-darwin-arm64@1.15.24':
    resolution: {integrity: sha512-2yH5kkeBM6mcSajWdIvh482HZDthvWM+SkH17CAzmgDgP2WGZ3IpdeIQxdV8Jj9kRdJaI0VqdXGT0qRRt6zw4A==}
    engines: {node: '>=10'}
    cpu: [arm64]
    os: [darwin]

  '@swc/html-darwin-x64@1.15.24':
    resolution: {integrity: sha512-1k4Wl1eExT9yal3fX6MGcrpWOvYo+f7jnzw+ksg+8ifpYqpcrcy6Rv6cB78SgXzZJRpx8zBY1luk+zYyoDlrWA==}
    engines: {node: '>=10'}
    cpu: [x64]
    os: [darwin]

  '@swc/html-linux-arm-gnueabihf@1.15.24':
    resolution: {integrity: sha512-XbqWgyBE6tukUs+0zwzW+Xo3N/P6SoiJJ44QfB3RCb5Naz/1vwJbNgn9erFDgoq7CChmCooFuMfNnmh/E/Orsg==}
    engines: {node: '>=10'}
    cpu: [arm]
    os: [linux]

  '@swc/html-linux-arm64-gnu@1.15.24':
    resolution: {integrity: sha512-GqJgkJHTlLM0tzJHX0tmU0ZAU4rIfMYZ2yJwCBwnFaLw4NacpimyWnWGJxH83SViVZ33DfLD2LG/dHN8xDAmRA==}
    engines: {node: '>=10'}
    cpu: [arm64]
    os: [linux]
    libc: [glibc]

  '@swc/html-linux-arm64-musl@1.15.24':
    resolution: {integrity: sha512-+7Xw69Y4p/LwhudMJZOQ++mKeXWTnh3vpNv5Ar+X1x8kfPBHKRXI3sRKf5JqE0oJqJXTgFP5xByzmO/KBee3sQ==}
    engines: {node: '>=10'}
    cpu: [arm64]
    os: [linux]
    libc: [musl]

  '@swc/html-linux-ppc64-gnu@1.15.24':
    resolution: {integrity: sha512-ZKxckgQkOY2a54jiCnIBs5TkMNx7zvuKbe1WsM/WV0BiTfMfw5iMmtCKAIuYCz/PJRXVK0dY4VH3DS7jabBvwg==}
    engines: {node: '>=10'}
    cpu: [ppc64]
    os: [linux]
    libc: [glibc]

  '@swc/html-linux-s390x-gnu@1.15.24':
    resolution: {integrity: sha512-y0WBjqDZALqOzasxrEOlgHq6SX34nAE4+0MATufmSoFEdiQIBYkm9m4C8XQNCNHv52ERCu/EPGK3Q8RfXaBLhQ==}
    engines: {node: '>=10'}
    cpu: [s390x]
    os: [linux]
    libc: [glibc]

  '@swc/html-linux-x64-gnu@1.15.24':
    resolution: {integrity: sha512-U//u302yBSgh6vFfJmrw17Xm7k9a17m/E3AcHK4w12CZOFtsKHQnxE3i9uFWhNbW5F70w2A9QENml5b0Us8XMg==}
    engines: {node: '>=10'}
    cpu: [x64]
    os: [linux]
    libc: [glibc]

  '@swc/html-linux-x64-musl@1.15.24':
    resolution: {integrity: sha512-U9gsAQCPiCROWKhLhSnW4JzkkOY6X4q0ZP/nA6UeKoahDdw4E8onPujtRSivt4ZxwdJKfAnsxeJY07V9YLZu9Q==}
    engines: {node: '>=10'}
    cpu: [x64]
    os: [linux]
    libc: [musl]

  '@swc/html-win32-arm64-msvc@1.15.24':
    resolution: {integrity: sha512-AETh78z9ig4e1eAlx8a02BnIS5iNIJ7C43swQsxMraSDZvZuBxnvEXHqnt94jRlw7fzmJRRpJdVcInQ21u/xGA==}
    engines: {node: '>=10'}
    cpu: [arm64]
    os: [win32]

  '@swc/html-win32-ia32-msvc@1.15.24':
    resolution: {integrity: sha512-ymJkEATvFF1+So41/SkulPBoRzRXP6HxUGfvdSJ29qeYejxWMrIWyjDE1+vAalo4IAR0cWFE2Ef2A2Qeg8QbGA==}
    engines: {node: '>=10'}
    cpu: [ia32]
    os: [win32]

  '@swc/html-win32-x64-msvc@1.15.24':
    resolution: {integrity: sha512-l+Gv0+jcSaDILljpEMC8pQE+ubRoZcft+woUgKTTlJQEFS+MgxKKLQjNCXx3hzhuru5/Yo8x71Ng/aVT7PwprA==}
    engines: {node: '>=10'}
    cpu: [x64]
    os: [win32]

  '@swc/html@1.15.24':
    resolution: {integrity: sha512-2kWRCU09lBBg3bZLz8Kc37azQ6sBwiV1P7VDvqwKEJC2CtREe5y1XgLLd78kqSpFli52hZ6l3CNPDqkaX6ceAg==}
    engines: {node: '>=14'}

  '@types/relateurl@0.2.33':
    resolution: {integrity: sha512-bTQCKsVbIdzLqZhLkF5fcJQreE4y1ro4DIyVrlDNSCJRRwHhB8Z+4zXXa8jN6eDvc2HbRsEYgbvrnGvi54EpSw==}

  acorn@8.16.0:
    resolution: {integrity: sha512-UVJyE9MttOsBQIDKw1skb9nAwQuR5wuGD3+82K6JgJlm/Y+KI92oNsMNGZCYdDsVtRHSak0pcV5Dno5+4jh9sw==}
    engines: {node: '>=0.4.0'}
    hasBin: true

  argparse@2.0.1:
    resolution: {integrity: sha512-8+9WqebbFzpX9OR+Wa6O29asIogeRMzcGtAINdpMHHyAg10f05aSFVBbcEqGf/PXw1EjAZ+q2/bEBg3DvurK3Q==}

  baseline-browser-mapping@2.10.16:
    resolution: {integrity: sha512-Lyf3aK28zpsD1yQMiiHD4RvVb6UdMoo8xzG2XzFIfR9luPzOpcBlAsT/qfB1XWS1bxWT+UtE4WmQgsp297FYOA==}
    engines: {node: '>=6.0.0'}
    hasBin: true

  boolbase@1.0.0:
    resolution: {integrity: sha512-JZOSA7Mo9sNGB8+UjSgzdLtokWAky1zbztM3WRLCbZ70/3cTANmQmOdR7y2g+J0e2WXywy1yS468tY+IruqEww==}

  browserslist@4.28.2:
    resolution: {integrity: sha512-48xSriZYYg+8qXna9kwqjIVzuQxi+KYWp2+5nCYnYKPTr0LvD89Jqk2Or5ogxz0NUMfIjhh2lIUX/LyX9B4oIg==}
    engines: {node: ^6 || ^7 || ^8 || ^9 || ^10 || ^11 || ^12 || >=13.7}
    hasBin: true

  buffer-from@1.1.2:
    resolution: {integrity: sha512-E+XQCRwSbaaiChtv6k6Dwgc+bx+Bs6vuKJHHl5kox/BaKbhiXzqQOwK4cO22yElGp2OCmjwVhT3HmxgyPGnJfQ==}

  callsites@3.1.0:
    resolution: {integrity: sha512-P8BjAsXvZS+VIDUI11hHCQEv74YT67YUi5JJFNWIqL235sBmjX4+qx9Muvls5ivyNENctx46xQLQ3aTuE7ssaQ==}
    engines: {node: '>=6'}

  camel-case@4.1.2:
    resolution: {integrity: sha512-gxGWBrTT1JuMx6R+o5PTXMmUnhnVzLQ9SNutD4YqKtI6ap897t3tKECYla6gCWEkplXnlNybEkZg9GEGxKFCgw==}

  caniuse-api@3.0.0:
    resolution: {integrity: sha512-bsTwuIg/BZZK/vreVTYYbSWoe2F+71P7K5QGEX+pT250DZbfU1MQ5prOKpPR+LL6uWKK3KMwMCAS74QB3Um1uw==}

  caniuse-lite@1.0.30001786:
    resolution: {integrity: sha512-4oxTZEvqmLLrERwxO76yfKM7acZo310U+v4kqexI2TL1DkkUEMT8UijrxxcnVdxR3qkVf5awGRX+4Z6aPHVKrA==}

  clean-css@5.3.3:
    resolution: {integrity: sha512-D5J+kHaVb/wKSFcyyV75uCn8fiY4sV38XJoe4CUyGQ+mOU/fMVYUdH1hJC+CJQ5uY3EnW27SbJYS4X8BiLrAFg==}
    engines: {node: '>= 10.0'}

  commander@10.0.1:
    resolution: {integrity: sha512-y4Mg2tXshplEbSGzx7amzPwKKOCGuoSRP/CjEdwwk0FOGlUbq6lKuoyDZTNZkmxHdJtp54hdfY/JUrdL7Xfdug==}
    engines: {node: '>=14'}

  commander@11.1.0:
    resolution: {integrity: sha512-yPVavfyCcRhmorC7rWlkHn15b4wDVgVmBA7kV4QVBsF7kv/9TKJAbAXVTxvTnwP8HHKjRCJDClKbciiYS7p0DQ==}
    engines: {node: '>=16'}

  commander@14.0.3:
    resolution: {integrity: sha512-H+y0Jo/T1RZ9qPP4Eh1pkcQcLRglraJaSLoyOtHxu6AapkjWVCy2Sit1QQ4x3Dng8qDlSsZEet7g5Pq06MvTgw==}
    engines: {node: '>=20'}

  commander@2.20.3:
    resolution: {integrity: sha512-GpVkmM8vF2vQUkj2LvZmD35JxeJOLCwJ9cUkugyk2nuhbv3+mJvpLYYt+0+USMxE+oj+ey/lJEnhZw75x/OMcQ==}

  cosmiconfig@9.0.1:
    resolution: {integrity: sha512-hr4ihw+DBqcvrsEDioRO31Z17x71pUYoNe/4h6Z0wB72p7MU7/9gH8Q3s12NFhHPfYBBOV3qyfUxmr/Yn3shnQ==}
    engines: {node: '>=14'}
    peerDependencies:
      typescript: '>=4.9.5'
    peerDependenciesMeta:
      typescript:
        optional: true

  css-declaration-sorter@7.3.1:
    resolution: {integrity: sha512-gz6x+KkgNCjxq3Var03pRYLhyNfwhkKF1g/yoLgDNtFvVu0/fOLV9C8fFEZRjACp/XQLumjAYo7JVjzH3wLbxA==}
    engines: {node: ^14 || ^16 || >=18}
    peerDependencies:
      postcss: ^8.0.9

  css-select@5.2.2:
    resolution: {integrity: sha512-TizTzUddG/xYLA3NXodFM0fSbNizXjOKhqiQQwvhlspadZokn1KDy0NZFS0wuEubIYAV5/c1/lAr0TaaFXEXzw==}

  css-tree@2.2.1:
    resolution: {integrity: sha512-OA0mILzGc1kCOCSJerOeqDxDQ4HOh+G8NbOJFOTgOCzpw7fCBubk0fEyxp8AgOL/jvLgYA/uV0cMbe43ElF1JA==}
    engines: {node: ^10 || ^12.20.0 || ^14.13.0 || >=15.0.0, npm: '>=7.0.0'}

  css-tree@3.2.1:
    resolution: {integrity: sha512-X7sjQzceUhu1u7Y/ylrRZFU2FS6LRiFVp6rKLPg23y3x3c3DOKAwuXGDp+PAGjh6CSnCjYeAul8pcT8bAl+lSA==}
    engines: {node: ^10 || ^12.20.0 || ^14.13.0 || >=15.0.0}

  css-what@6.2.2:
    resolution: {integrity: sha512-u/O3vwbptzhMs3L1fQE82ZSLHQQfto5gyZzwteVIEyeaY5Fc7R4dapF/BvRoSYFeqfBk4m0V1Vafq5Pjv25wvA==}
    engines: {node: '>= 6'}

  cssesc@3.0.0:
    resolution: {integrity: sha512-/Tb/JcjK111nNScGob5MNtsntNM1aCNUDipB/TkwZFhyDrrE47SOx/18wF2bbjgc3ZzCSKW1T5nt5EbFoAz/Vg==}
    engines: {node: '>=4'}
    hasBin: true

  cssnano-preset-default@7.0.12:
    resolution: {integrity: sha512-B3Eoouzw/sl2zANI0AL9KbacummJTCww+fkHaDBMZad/xuVx8bUduPLly6hKVQAlrmvYkS1jB1CVQEKm3gn0AA==}
    engines: {node: ^18.12.0 || ^20.9.0 || >=22.0}
    peerDependencies:
      postcss: ^8.4.32

  cssnano-utils@5.0.1:
    resolution: {integrity: sha512-ZIP71eQgG9JwjVZsTPSqhc6GHgEr53uJ7tK5///VfyWj6Xp2DBmixWHqJgPno+PqATzn48pL42ww9x5SSGmhZg==}
    engines: {node: ^18.12.0 || ^20.9.0 || >=22.0}
    peerDependencies:
      postcss: ^8.4.32

  cssnano@7.1.4:
    resolution: {integrity: sha512-T9PNS7y+5Nc9Qmu9mRONqfxG1RVY7Vuvky0XN6MZ+9hqplesTEwnj9r0ROtVuSwUVfaDhVlavuzWIVLUgm4hkQ==}
    engines: {node: ^18.12.0 || ^20.9.0 || >=22.0}
    peerDependencies:
      postcss: ^8.4.32

  csso@5.0.5:
    resolution: {integrity: sha512-0LrrStPOdJj+SPCCrGhzryycLjwcgUSHBtxNA8aIDxf0GLsRh1cKYhB00Gd1lDOS4yGH69+SNn13+TWbVHETFQ==}
    engines: {node: ^10 || ^12.20.0 || ^14.13.0 || >=15.0.0, npm: '>=7.0.0'}

  detect-libc@2.1.2:
    resolution: {integrity: sha512-Btj2BOOO83o3WyH59e8MgXsxEQVcarkUOpEYrubB0urwnN10yQ364rsiByU11nZlqWYZm05i/of7io4mzihBtQ==}
    engines: {node: '>=8'}

  dom-serializer@1.4.1:
    resolution: {integrity: sha512-VHwB3KfrcOOkelEG2ZOfxqLZdfkil8PtJi4P8N2MMXucZq2yLp75ClViUlOVwyoHEDjYU433Aq+5zWP61+RGag==}

  dom-serializer@2.0.0:
    resolution: {integrity: sha512-wIkAryiqt/nV5EQKqQpo3SToSOV9J0DnbJqwK7Wv/Trc92zIAYZ4FlMu+JPFW1DfGFt81ZTCGgDEabffXeLyJg==}

  domelementtype@2.3.0:
    resolution: {integrity: sha512-OLETBj6w0OsagBwdXnPdN0cnMfF9opN69co+7ZrbfPGrdpPVNBUj02spi6B1N7wChLQiPn4CSH/zJvXw56gmHw==}

  domhandler@4.3.1:
    resolution: {integrity: sha512-GrwoxYN+uWlzO8uhUXRl0P+kHE4GtVPfYzVLcUxPL7KNdHKj66vvlhiweIHqYYXWlw+T8iLMp42Lm67ghw4WMQ==}
    engines: {node: '>= 4'}

  domhandler@5.0.3:
    resolution: {integrity: sha512-cgwlv/1iFQiFnU96XXgROh8xTeetsnJiDsTc7TYCLFd9+/WNkIqPTxiM/8pSd8VIrhXGTf1Ny1q1hquVqDJB5w==}
    engines: {node: '>= 4'}

  domutils@2.8.0:
    resolution: {integrity: sha512-w96Cjofp72M5IIhpjgobBimYEfoPjx1Vx0BSX9P30WBdZW2WIKU0T1Bd0kz2eNZ9ikjKgHbEyKx8BB6H1L3h3A==}

  domutils@3.2.2:
    resolution: {integrity: sha512-6kZKyUajlDuqlHKVX1w7gyslj9MPIXzIFiz/rGu35uC1wMi+kMhQwGhl4lt9unC9Vb9INnY9Z3/ZA3+FhASLaw==}

  dot-case@3.0.4:
    resolution: {integrity: sha512-Kv5nKlh6yRrdrGvxeJ2e5y2eRUpkUosIW4A2AS38zwSz27zu7ufDwQPi5Jhs3XAlGNetl3bmnGhQsMtkKJnj3w==}

  electron-to-chromium@1.5.332:
    resolution: {integrity: sha512-7OOtytmh/rINMLwaFTbcMVvYXO3AUm029X0LcyfYk0B557RlPkdpTpnH9+htMlfu5dKwOmT0+Zs2Aw+lnn6TeQ==}

  entities@2.2.0:
    resolution: {integrity: sha512-p92if5Nz619I0w+akJrLZH0MX0Pb5DX39XOwQTtXSdQQOaYH03S1uIQp4mhOZtAXrxq4ViO67YTiLBo2638o9A==}

  entities@3.0.1:
    resolution: {integrity: sha512-WiyBqoomrwMdFG1e0kqvASYfnlb0lp8M5o5Fw2OFq1hNZxxcNk8Ik0Xm7LxzBhuidnZB/UtBqVCgUz3kBOP51Q==}
    engines: {node: '>=0.12'}

  entities@4.5.0:
    resolution: {integrity: sha512-V0hjH4dGPh9Ao5p0MoRY6BVqtwCjhz6vI5LT8AJ55H+4g9/4vbHx1I54fS0XuclLhDHArPQCiMjDxjaL8fPxhw==}
    engines: {node: '>=0.12'}

  entities@7.0.1:
    resolution: {integrity: sha512-TWrgLOFUQTH994YUyl1yT4uyavY5nNB5muff+RtWaqNVCAK408b5ZnnbNAUEWLTCpum9w6arT70i1XdQ4UeOPA==}
    engines: {node: '>=0.12'}

  env-paths@2.2.1:
    resolution: {integrity: sha512-+h1lkLKhZMTYjog1VEpJNG7NZJWcuc2DDk/qsqSTRRCOXiLjeQ1d1/udrUGhqMxUgAlwKNZ0cf2uqan5GLuS2A==}
    engines: {node: '>=6'}

  error-ex@1.3.4:
    resolution: {integrity: sha512-sqQamAnR14VgCr1A618A3sGrygcpK+HEbenA/HiEAkkUwcZIIB/tgWqHFxWgOyDh4nB4JCRimh79dR5Ywc9MDQ==}

  escalade@3.2.0:
    resolution: {integrity: sha512-WUj2qlxaQtO4g6Pq5c29GTcWGDyd8itL8zTlipgECz3JesAiiOKotd8JU6otB3PACgG6xkJUyVhboMS+bje/jA==}
    engines: {node: '>=6'}

  html-minifier-next@5.2.2:
    resolution: {integrity: sha512-oJ9TWgUuLg/7RZeJBQ2JxtG3iCipqu2z4XJjwhy6zYOskK9xCBXoUjHnXNqdohQeiUoDCmcjnrLYc87JmfvXCQ==}
    hasBin: true
    peerDependencies:
      '@swc/core': ^1.15.7
    peerDependenciesMeta:
      '@swc/core':
        optional: true

  html-minifier-terser@7.2.0:
    resolution: {integrity: sha512-tXgn3QfqPIpGl9o+K5tpcj3/MN4SfLtsx2GWwBC3SSd0tXQGyF3gsSqad8loJgKZGM3ZxbYDd5yhiBIdWpmvLA==}
    engines: {node: ^14.13.1 || >=16.0.0}
    hasBin: true

  htmlnano@3.2.0:
    resolution: {integrity: sha512-ZUCyB3w9EdpkaePGuYTBF7hT1MWdcz7y0/h2Cnl1MKLwbyj7aIM+Eq7SRg+ILF1mvR7zJKu06lw9zpgCxOFymw==}
    hasBin: true
    peerDependencies:
      cssnano: ^7.0.0
      postcss: ^8.3.11
      purgecss: ^8.0.0
      relateurl: ^0.2.7
      srcset: ^5.0.1
      svgo: ^4.0.0
      terser: ^5.21.0
      uncss: ^0.17.3
    peerDependenciesMeta:
      cssnano:
        optional: true
      postcss:
        optional: true
      purgecss:
        optional: true
      relateurl:
        optional: true
      srcset:
        optional: true
      svgo:
        optional: true
      terser:
        optional: true
      uncss:
        optional: true

  htmlparser2@7.2.0:
    resolution: {integrity: sha512-H7MImA4MS6cw7nbyURtLPO1Tms7C5H602LRETv95z1MxO/7CP7rDVROehUYeYBUYEON94NXXDEPmZuq+hX4sog==}

  import-fresh@3.3.1:
    resolution: {integrity: sha512-TR3KfrTZTYLPB6jUjfx6MF9WcWrHL9su5TObK4ZkYgBdWKPOFoSoQIdEuTuR82pmtxH2spWG9h6etwfr1pLBqQ==}
    engines: {node: '>=6'}

  is-arrayish@0.2.1:
    resolution: {integrity: sha512-zz06S8t0ozoDXMG+ube26zeCTNXcKIPJZJi8hBrF4idCLms4CG9QtK7qBl1boi5ODzFpjswb5JPmHCbMpjaYzg==}

  is-json@2.0.1:
    resolution: {integrity: sha512-6BEnpVn1rcf3ngfmViLM6vjUjGErbdrL4rwlv+u1NO1XO8kqT4YGL8+19Q+Z/bas8tY90BTWMk2+fW1g6hQjbA==}

  js-tokens@4.0.0:
    resolution: {integrity: sha512-RdJUflcE3cUzKiMqQgsCu06FPu9UdIJO0beYbPhHN4k6apgJtifcoCtT9bcxOpYBtpD2kCM6Sbzg4CausW/PKQ==}

  js-yaml@4.1.1:
    resolution: {integrity: sha512-qQKT4zQxXl8lLwBtHMWwaTcGfFOZviOJet3Oy/xmGk2gZH677CJM9EvtfdSkgWcATZhj/55JZ0rmy3myCT5lsA==}
    hasBin: true

  json-parse-even-better-errors@2.3.1:
    resolution: {integrity: sha512-xyFwyhro/JEof6Ghe2iz2NcXoj2sloNsWr/XsERDK/oiPCfaNhl5ONfp+jQdAZRQQ0IJWNzH9zIZF7li91kh2w==}

  lightningcss-android-arm64@1.32.0:
    resolution: {integrity: sha512-YK7/ClTt4kAK0vo6w3X+Pnm0D2cf2vPHbhOXdoNti1Ga0al1P4TBZhwjATvjNwLEBCnKvjJc2jQgHXH0NEwlAg==}
    engines: {node: '>= 12.0.0'}
    cpu: [arm64]
    os: [android]

  lightningcss-darwin-arm64@1.32.0:
    resolution: {integrity: sha512-RzeG9Ju5bag2Bv1/lwlVJvBE3q6TtXskdZLLCyfg5pt+HLz9BqlICO7LZM7VHNTTn/5PRhHFBSjk5lc4cmscPQ==}
    engines: {node: '>= 12.0.0'}
    cpu: [arm64]
    os: [darwin]

  lightningcss-darwin-x64@1.32.0:
    resolution: {integrity: sha512-U+QsBp2m/s2wqpUYT/6wnlagdZbtZdndSmut/NJqlCcMLTWp5muCrID+K5UJ6jqD2BFshejCYXniPDbNh73V8w==}
    engines: {node: '>= 12.0.0'}
    cpu: [x64]
    os: [darwin]

  lightningcss-freebsd-x64@1.32.0:
    resolution: {integrity: sha512-JCTigedEksZk3tHTTthnMdVfGf61Fky8Ji2E4YjUTEQX14xiy/lTzXnu1vwiZe3bYe0q+SpsSH/CTeDXK6WHig==}
    engines: {node: '>= 12.0.0'}
    cpu: [x64]
    os: [freebsd]

  lightningcss-linux-arm-gnueabihf@1.32.0:
    resolution: {integrity: sha512-x6rnnpRa2GL0zQOkt6rts3YDPzduLpWvwAF6EMhXFVZXD4tPrBkEFqzGowzCsIWsPjqSK+tyNEODUBXeeVHSkw==}
    engines: {node: '>= 12.0.0'}
    cpu: [arm]
    os: [linux]

  lightningcss-linux-arm64-gnu@1.32.0:
    resolution: {integrity: sha512-0nnMyoyOLRJXfbMOilaSRcLH3Jw5z9HDNGfT/gwCPgaDjnx0i8w7vBzFLFR1f6CMLKF8gVbebmkUN3fa/kQJpQ==}
    engines: {node: '>= 12.0.0'}
    cpu: [arm64]
    os: [linux]
    libc: [glibc]

  lightningcss-linux-arm64-musl@1.32.0:
    resolution: {integrity: sha512-UpQkoenr4UJEzgVIYpI80lDFvRmPVg6oqboNHfoH4CQIfNA+HOrZ7Mo7KZP02dC6LjghPQJeBsvXhJod/wnIBg==}
    engines: {node: '>= 12.0.0'}
    cpu: [arm64]
    os: [linux]
    libc: [musl]

  lightningcss-linux-x64-gnu@1.32.0:
    resolution: {integrity: sha512-V7Qr52IhZmdKPVr+Vtw8o+WLsQJYCTd8loIfpDaMRWGUZfBOYEJeyJIkqGIDMZPwPx24pUMfwSxxI8phr/MbOA==}
    engines: {node: '>= 12.0.0'}
    cpu: [x64]
    os: [linux]
    libc: [glibc]

  lightningcss-linux-x64-musl@1.32.0:
    resolution: {integrity: sha512-bYcLp+Vb0awsiXg/80uCRezCYHNg1/l3mt0gzHnWV9XP1W5sKa5/TCdGWaR/zBM2PeF/HbsQv/j2URNOiVuxWg==}
    engines: {node: '>= 12.0.0'}
    cpu: [x64]
    os: [linux]
    libc: [musl]

  lightningcss-win32-arm64-msvc@1.32.0:
    resolution: {integrity: sha512-8SbC8BR40pS6baCM8sbtYDSwEVQd4JlFTOlaD3gWGHfThTcABnNDBda6eTZeqbofalIJhFx0qKzgHJmcPTnGdw==}
    engines: {node: '>= 12.0.0'}
    cpu: [arm64]
    os: [win32]

  lightningcss-win32-x64-msvc@1.32.0:
    resolution: {integrity: sha512-Amq9B/SoZYdDi1kFrojnoqPLxYhQ4Wo5XiL8EVJrVsB8ARoC1PWW6VGtT0WKCemjy8aC+louJnjS7U18x3b06Q==}
    engines: {node: '>= 12.0.0'}
    cpu: [x64]
    os: [win32]

  lightningcss@1.32.0:
    resolution: {integrity: sha512-NXYBzinNrblfraPGyrbPoD19C1h9lfI/1mzgWYvXUTe414Gz/X1FD2XBZSZM7rRTrMA8JL3OtAaGifrIKhQ5yQ==}
    engines: {node: '>= 12.0.0'}

  lilconfig@3.1.3:
    resolution: {integrity: sha512-/vlFKAoH5Cgt3Ie+JLhRbwOsCQePABiU3tJ1egGvyQ+33R/vcwM2Zl2QR/LzjsBeItPt3oSVXapn+m4nQDvpzw==}
    engines: {node: '>=14'}

  lines-and-columns@1.2.4:
    resolution: {integrity: sha512-7ylylesZQ/PV29jhEDl3Ufjo6ZX7gCqJr5F7PKrqc93v7fzSymt1BpwEU8nAUXs8qzzvqhbjhK5QZg6Mt/HkBg==}

  lodash.memoize@4.1.2:
    resolution: {integrity: sha512-t7j+NzmgnQzTAYXcsHYLgimltOV1MXHtlOWf6GjL9Kj8GK5FInw5JotxvbOs+IvV1/Dzo04/fCGfLVs7aXb4Ag==}

  lodash.uniq@4.5.0:
    resolution: {integrity: sha512-xfBaXQd9ryd9dlSDvnvI0lvxfLJlYAZzXomUYzLKtUeOQvOP5piqAWuGtrhWeqaXK9hhoM/iyJc5AV+XfsX3HQ==}

  lower-case@2.0.2:
    resolution: {integrity: sha512-7fm3l3NAF9WfN6W3JOmf5drwpVqX78JtoGJ3A6W0a6ZnldM41w2fV5D490psKFTpMds8TJse/eHLFFsNHHjHgg==}

  mdn-data@2.0.28:
    resolution: {integrity: sha512-aylIc7Z9y4yzHYAJNuESG3hfhC+0Ibp/MAMiaOZgNv4pmEdFyfZhhhny4MNiAfWdBQ1RQ2mfDWmM1x8SvGyp8g==}

  mdn-data@2.27.1:
    resolution: {integrity: sha512-9Yubnt3e8A0OKwxYSXyhLymGW4sCufcLG6VdiDdUGVkPhpqLxlvP5vl1983gQjJl3tqbrM731mjaZaP68AgosQ==}

  nanoid@3.3.11:
    resolution: {integrity: sha512-N8SpfPUnUp1bK+PMYW8qSWdl9U+wwNWI4QKxOYDy9JAro3WMX7p2OeVRF9v+347pnakNevPmiHhNmZ2HbFA76w==}
    engines: {node: ^10 || ^12 || ^13.7 || ^14 || >=15.0.1}
    hasBin: true

  no-case@3.0.4:
    resolution: {integrity: sha512-fgAN3jGAh+RoxUGZHTSOLJIqUc2wmoBwGR4tbpNAKmmovFoWq0OdRkb0VkldReO2a2iBT/OEulG9XSUc10r3zg==}

  node-releases@2.0.37:
    resolution: {integrity: sha512-1h5gKZCF+pO/o3Iqt5Jp7wc9rH3eJJ0+nh/CIoiRwjRxde/hAHyLPXYN4V3CqKAbiZPSeJFSWHmJsbkicta0Eg==}

  nth-check@2.1.1:
    resolution: {integrity: sha512-lqjrjmaOoAnWfMmBPL+XNnynZh2+swxiX3WUE0s4yEHI6m+AwrK2UZOimIRl3X/4QctVqS8AiZjFqyOGrMXb/w==}

  param-case@3.0.4:
    resolution: {integrity: sha512-RXlj7zCYokReqWpOPH9oYivUzLYZ5vAPIfEmCTNViosC78F8F0H9y7T7gG2M39ymgutxF5gcFEsyZQSph9Bp3A==}

  parent-module@1.0.1:
    resolution: {integrity: sha512-GQ2EWRpQV8/o+Aw8YqtfZZPfNRWZYkbidE9k5rpl/hC3vtHHBfGm2Ifi6qWV+coDGkrUKZAxE3Lot5kcsRlh+g==}
    engines: {node: '>=6'}

  parse-json@5.2.0:
    resolution: {integrity: sha512-ayCKvm/phCGxOkYRSCM82iDwct8/EonSEgCSxWxD7ve6jHggsFl4fZVQBPRNgQoKiuV/odhFrGzQXZwbifC8Rg==}
    engines: {node: '>=8'}

  pascal-case@3.1.2:
    resolution: {integrity: sha512-uWlGT3YSnK9x3BQJaOdcZwrnV6hPpd8jFH1/ucpiLRPh/2zCVJKS19E4GvYHvaCcACn3foXZ0cLB9Wrx1KGe5g==}

  picocolors@1.1.1:
    resolution: {integrity: sha512-xceH2snhtb5M9liqDsmEw56le376mTZkEX/jEb/RxNFyegNul7eNslCXP9FDj/Lcu0X8KEyMceP2ntpaHrDEVA==}

  postcss-calc@10.1.1:
    resolution: {integrity: sha512-NYEsLHh8DgG/PRH2+G9BTuUdtf9ViS+vdoQ0YA5OQdGsfN4ztiwtDWNtBl9EKeqNMFnIu8IKZ0cLxEQ5r5KVMw==}
    engines: {node: ^18.12 || ^20.9 || >=22.0}
    peerDependencies:
      postcss: ^8.4.38

  postcss-colormin@7.0.7:
    resolution: {integrity: sha512-sBQ628lSj3VQpDquQel8Pen5mmjFPsO4pH9lDLaHB1AVkMRHtkl0pRB5DCWznc9upWsxint/kV+AveSj7W1tew==}
    engines: {node: ^18.12.0 || ^20.9.0 || >=22.0}
    peerDependencies:
      postcss: ^8.4.32

  postcss-convert-values@7.0.9:
    resolution: {integrity: sha512-l6uATQATZaCa0bckHV+r6dLXfWtUBKXxO3jK+AtxxJJtgMPD+VhhPCCx51I4/5w8U5uHV67g3w7PXj+V3wlMlg==}
    engines: {node: ^18.12.0 || ^20.9.0 || >=22.0}
    peerDependencies:
      postcss: ^8.4.32

  postcss-discard-comments@7.0.6:
    resolution: {integrity: sha512-Sq+Fzj1Eg5/CPf1ERb0wS1Im5cvE2gDXCE+si4HCn1sf+jpQZxDI4DXEp8t77B/ImzDceWE2ebJQFXdqZ6GRJw==}
    engines: {node: ^18.12.0 || ^20.9.0 || >=22.0}
    peerDependencies:
      postcss: ^8.4.32

  postcss-discard-duplicates@7.0.2:
    resolution: {integrity: sha512-eTonaQvPZ/3i1ASDHOKkYwAybiM45zFIc7KXils4mQmHLqIswXD9XNOKEVxtTFnsmwYzF66u4LMgSr0abDlh5w==}
    engines: {node: ^18.12.0 || ^20.9.0 || >=22.0}
    peerDependencies:
      postcss: ^8.4.32

  postcss-discard-empty@7.0.1:
    resolution: {integrity: sha512-cFrJKZvcg/uxB6Ijr4l6qmn3pXQBna9zyrPC+sK0zjbkDUZew+6xDltSF7OeB7rAtzaaMVYSdbod+sZOCWnMOg==}
    engines: {node: ^18.12.0 || ^20.9.0 || >=22.0}
    peerDependencies:
      postcss: ^8.4.32

  postcss-discard-overridden@7.0.1:
    resolution: {integrity: sha512-7c3MMjjSZ/qYrx3uc1940GSOzN1Iqjtlqe8uoSg+qdVPYyRb0TILSqqmtlSFuE4mTDECwsm397Ya7iXGzfF7lg==}
    engines: {node: ^18.12.0 || ^20.9.0 || >=22.0}
    peerDependencies:
      postcss: ^8.4.32

  postcss-merge-longhand@7.0.5:
    resolution: {integrity: sha512-Kpu5v4Ys6QI59FxmxtNB/iHUVDn9Y9sYw66D6+SZoIk4QTz1prC4aYkhIESu+ieG1iylod1f8MILMs1Em3mmIw==}
    engines: {node: ^18.12.0 || ^20.9.0 || >=22.0}
    peerDependencies:
      postcss: ^8.4.32

  postcss-merge-rules@7.0.8:
    resolution: {integrity: sha512-BOR1iAM8jnr7zoQSlpeBmCsWV5Uudi/+5j7k05D0O/WP3+OFMPD86c1j/20xiuRtyt45bhxw/7hnhZNhW2mNFA==}
    engines: {node: ^18.12.0 || ^20.9.0 || >=22.0}
    peerDependencies:
      postcss: ^8.4.32

  postcss-minify-font-values@7.0.1:
    resolution: {integrity: sha512-2m1uiuJeTplll+tq4ENOQSzB8LRnSUChBv7oSyFLsJRtUgAAJGP6LLz0/8lkinTgxrmJSPOEhgY1bMXOQ4ZXhQ==}
    engines: {node: ^18.12.0 || ^20.9.0 || >=22.0}
    peerDependencies:
      postcss: ^8.4.32

  postcss-minify-gradients@7.0.2:
    resolution: {integrity: sha512-fVY3AB8Um7SJR5usHqTY2Ngf9qh8IRN+FFzrBP0ONJy6yYXsP7xyjK2BvSAIrpgs1cST+H91V0TXi3diHLYJtw==}
    engines: {node: ^18.12.0 || ^20.9.0 || >=22.0}
    peerDependencies:
      postcss: ^8.4.32

  postcss-minify-params@7.0.6:
    resolution: {integrity: sha512-YOn02gC68JijlaXVuKvFSCvQOhTpblkcfDre2hb/Aaa58r2BIaK4AtE/cyZf2wV7YKAG+UlP9DT+By0ry1E4VQ==}
    engines: {node: ^18.12.0 || ^20.9.0 || >=22.0}
    peerDependencies:
      postcss: ^8.4.32

  postcss-minify-selectors@7.0.6:
    resolution: {integrity: sha512-lIbC0jy3AAwDxEgciZlBullDiMBeBCT+fz5G8RcA9MWqh/hfUkpOI3vNDUNEZHgokaoiv0juB9Y8fGcON7rU/A==}
    engines: {node: ^18.12.0 || ^20.9.0 || >=22.0}
    peerDependencies:
      postcss: ^8.4.32

  postcss-normalize-charset@7.0.1:
    resolution: {integrity: sha512-sn413ofhSQHlZFae//m9FTOfkmiZ+YQXsbosqOWRiVQncU2BA3daX3n0VF3cG6rGLSFVc5Di/yns0dFfh8NFgQ==}
    engines: {node: ^18.12.0 || ^20.9.0 || >=22.0}
    peerDependencies:
      postcss: ^8.4.32

  postcss-normalize-display-values@7.0.1:
    resolution: {integrity: sha512-E5nnB26XjSYz/mGITm6JgiDpAbVuAkzXwLzRZtts19jHDUBFxZ0BkXAehy0uimrOjYJbocby4FVswA/5noOxrQ==}
    engines: {node: ^18.12.0 || ^20.9.0 || >=22.0}
    peerDependencies:
      postcss: ^8.4.32

  postcss-normalize-positions@7.0.1:
    resolution: {integrity: sha512-pB/SzrIP2l50ZIYu+yQZyMNmnAcwyYb9R1fVWPRxm4zcUFCY2ign7rcntGFuMXDdd9L2pPNUgoODDk91PzRZuQ==}
    engines: {node: ^18.12.0 || ^20.9.0 || >=22.0}
    peerDependencies:
      postcss: ^8.4.32

  postcss-normalize-repeat-style@7.0.1:
    resolution: {integrity: sha512-NsSQJ8zj8TIDiF0ig44Byo3Jk9e4gNt9x2VIlJudnQQ5DhWAHJPF4Tr1ITwyHio2BUi/I6Iv0HRO7beHYOloYQ==}
    engines: {node: ^18.12.0 || ^20.9.0 || >=22.0}
    peerDependencies:
      postcss: ^8.4.32

  postcss-normalize-string@7.0.1:
    resolution: {integrity: sha512-QByrI7hAhsoze992kpbMlJSbZ8FuCEc1OT9EFbZ6HldXNpsdpZr+YXC5di3UEv0+jeZlHbZcoCADgb7a+lPmmQ==}
    engines: {node: ^18.12.0 || ^20.9.0 || >=22.0}
    peerDependencies:
      postcss: ^8.4.32

  postcss-normalize-timing-functions@7.0.1:
    resolution: {integrity: sha512-bHifyuuSNdKKsnNJ0s8fmfLMlvsQwYVxIoUBnowIVl2ZAdrkYQNGVB4RxjfpvkMjipqvbz0u7feBZybkl/6NJg==}
    engines: {node: ^18.12.0 || ^20.9.0 || >=22.0}
    peerDependencies:
      postcss: ^8.4.32

  postcss-normalize-unicode@7.0.6:
    resolution: {integrity: sha512-z6bwTV84YW6ZvvNoaNLuzRW4/uWxDKYI1iIDrzk6D2YTL7hICApy+Q1LP6vBEsljX8FM7YSuV9qI79XESd4ddQ==}
    engines: {node: ^18.12.0 || ^20.9.0 || >=22.0}
    peerDependencies:
      postcss: ^8.4.32

  postcss-normalize-url@7.0.1:
    resolution: {integrity: sha512-sUcD2cWtyK1AOL/82Fwy1aIVm/wwj5SdZkgZ3QiUzSzQQofrbq15jWJ3BA7Z+yVRwamCjJgZJN0I9IS7c6tgeQ==}
    engines: {node: ^18.12.0 || ^20.9.0 || >=22.0}
    peerDependencies:
      postcss: ^8.4.32

  postcss-normalize-whitespace@7.0.1:
    resolution: {integrity: sha512-vsbgFHMFQrJBJKrUFJNZ2pgBeBkC2IvvoHjz1to0/0Xk7sII24T0qFOiJzG6Fu3zJoq/0yI4rKWi7WhApW+EFA==}
    engines: {node: ^18.12.0 || ^20.9.0 || >=22.0}
    peerDependencies:
      postcss: ^8.4.32

  postcss-ordered-values@7.0.2:
    resolution: {integrity: sha512-AMJjt1ECBffF7CEON/Y0rekRLS6KsePU6PRP08UqYW4UGFRnTXNrByUzYK1h8AC7UWTZdQ9O3Oq9kFIhm0SFEw==}
    engines: {node: ^18.12.0 || ^20.9.0 || >=22.0}
    peerDependencies:
      postcss: ^8.4.32

  postcss-reduce-initial@7.0.6:
    resolution: {integrity: sha512-G6ZyK68AmrPdMB6wyeA37ejnnRG2S8xinJrZJnOv+IaRKf6koPAVbQsiC7MfkmXaGmF1UO+QCijb27wfpxuRNg==}
    engines: {node: ^18.12.0 || ^20.9.0 || >=22.0}
    peerDependencies:
      postcss: ^8.4.32

  postcss-reduce-transforms@7.0.1:
    resolution: {integrity: sha512-MhyEbfrm+Mlp/36hvZ9mT9DaO7dbncU0CvWI8V93LRkY6IYlu38OPg3FObnuKTUxJ4qA8HpurdQOo5CyqqO76g==}
    engines: {node: ^18.12.0 || ^20.9.0 || >=22.0}
    peerDependencies:
      postcss: ^8.4.32

  postcss-selector-parser@7.1.1:
    resolution: {integrity: sha512-orRsuYpJVw8LdAwqqLykBj9ecS5/cRHlI5+nvTo8LcCKmzDmqVORXtOIYEEQuL9D4BxtA1lm5isAqzQZCoQ6Eg==}
    engines: {node: '>=4'}

  postcss-svgo@7.1.1:
    resolution: {integrity: sha512-zU9H9oEDrUFKa0JB7w+IYL7Qs9ey1mZyjhbf0KLxwJDdDRtoPvCmaEfknzqfHj44QS9VD6c5sJnBAVYTLRg/Sg==}
    engines: {node: ^18.12.0 || ^20.9.0 || >= 18}
    peerDependencies:
      postcss: ^8.4.32

  postcss-unique-selectors@7.0.5:
    resolution: {integrity: sha512-3QoYmEt4qg/rUWDn6Tc8+ZVPmbp4G1hXDtCNWDx0st8SjtCbRcxRXDDM1QrEiXGG3A45zscSJFb4QH90LViyxg==}
    engines: {node: ^18.12.0 || ^20.9.0 || >=22.0}
    peerDependencies:
      postcss: ^8.4.32

  postcss-value-parser@4.2.0:
    resolution: {integrity: sha512-1NNCs6uurfkVbeXG4S8JFT9t19m45ICnif8zWLd5oPSZ50QnwMfK+H3jv408d4jw/7Bttv5axS5IiHoLaVNHeQ==}

  postcss@8.5.8:
    resolution: {integrity: sha512-OW/rX8O/jXnm82Ey1k44pObPtdblfiuWnrd8X7GJ7emImCOstunGbXUpp7HdBrFQX6rJzn3sPT397Wp5aCwCHg==}
    engines: {node: ^10 || ^12 || >=14}

  posthtml-parser@0.11.0:
    resolution: {integrity: sha512-QecJtfLekJbWVo/dMAA+OSwY79wpRmbqS5TeXvXSX+f0c6pW4/SE6inzZ2qkU7oAMCPqIDkZDvd/bQsSFUnKyw==}
    engines: {node: '>=12'}

  posthtml-render@3.0.0:
    resolution: {integrity: sha512-z+16RoxK3fUPgwaIgH9NGnK1HKY9XIDpydky5eQGgAFVXTCSezalv9U2jQuNV+Z9qV1fDWNzldcw4eK0SSbqKA==}
    engines: {node: '>=12'}

  posthtml@0.16.7:
    resolution: {integrity: sha512-7Hc+IvlQ7hlaIfQFZnxlRl0jnpWq2qwibORBhQYIb0QbNtuicc5ZxvKkVT71HJ4Py1wSZ/3VR1r8LfkCtoCzhw==}
    engines: {node: '>=12.0.0'}

  relateurl@0.2.7:
    resolution: {integrity: sha512-G08Dxvm4iDN3MLM0EsP62EDV9IuhXPR6blNz6Utcp7zyV3tr4HVNINt6MpaRWbxoOHT3Q7YN2P+jaHX8vUbgog==}
    engines: {node: '>= 0.10'}

  resolve-from@4.0.0:
    resolution: {integrity: sha512-pb/MYmXstAkysRFx8piNI1tGFNQIFA3vkE3Gq4EuA1dF6gHp/+vgZqsCGJapvy8N3Q+4o7FwvquPJcnZ7RYy4g==}
    engines: {node: '>=4'}

  sax@1.6.0:
    resolution: {integrity: sha512-6R3J5M4AcbtLUdZmRv2SygeVaM7IhrLXu9BmnOGmmACak8fiUtOsYNWUS4uK7upbmHIBbLBeFeI//477BKLBzA==}
    engines: {node: '>=11.0.0'}

  source-map-js@1.2.1:
    resolution: {integrity: sha512-UXWMKhLOwVKb728IUtQPXxfYU+usdybtUrK/8uGE8CQMvrhOpwvzDBwj0QhSL7MQc7vIsISBG8VQ8+IDQxpfQA==}
    engines: {node: '>=0.10.0'}

  source-map-support@0.5.21:
    resolution: {integrity: sha512-uBHU3L3czsIyYXKX88fdrGovxdSCoTGDRZ6SYXtSRxLZUzHg5P/66Ht6uoUlHu9EZod+inXhKo3qQgwXUT/y1w==}

  source-map@0.6.1:
    resolution: {integrity: sha512-UjgapumWlbMhkBgzT7Ykc5YXUT46F0iKu8SGXq0bcwP5dz/h0Plj6enJqjz1Zbq2l5WaqYnrVbwWOWMyF3F47g==}
    engines: {node: '>=0.10.0'}

  stylehacks@7.0.8:
    resolution: {integrity: sha512-I3f053GBLIiS5Fg6OMFhq/c+yW+5Hc2+1fgq7gElDMMSqwlRb3tBf2ef6ucLStYRpId4q//bQO1FjcyNyy4yDQ==}
    engines: {node: ^18.12.0 || ^20.9.0 || >=22.0}
    peerDependencies:
      postcss: ^8.4.32

  svgo@4.0.1:
    resolution: {integrity: sha512-XDpWUOPC6FEibaLzjfe0ucaV0YrOjYotGJO1WpF0Zd+n6ZGEQUsSugaoLq9QkEZtAfQIxT42UChcssDVPP3+/w==}
    engines: {node: '>=16'}
    hasBin: true

  terser@5.46.1:
    resolution: {integrity: sha512-vzCjQO/rgUuK9sf8VJZvjqiqiHFaZLnOiimmUuOKODxWL8mm/xua7viT7aqX7dgPY60otQjUotzFMmCB4VdmqQ==}
    engines: {node: '>=10'}
    hasBin: true

  tslib@2.8.1:
    resolution: {integrity: sha512-oJFu94HQb+KVduSUQL7wnpmqnfmLsOA/nAh6b6EH0wCEoK0/mPeXU6c3wKDV83MkOuHPRHtSXKKU99IBazS/2w==}

  update-browserslist-db@1.2.3:
    resolution: {integrity: sha512-Js0m9cx+qOgDxo0eMiFGEueWztz+d4+M3rGlmKPT+T4IS/jP4ylw3Nwpu6cpTTP8R1MAC1kF4VbdLt3ARf209w==}
    hasBin: true
    peerDependencies:
      browserslist: '>= 4.21.0'

  util-deprecate@1.0.2:
    resolution: {integrity: sha512-EPD5q1uXyFxJpCrLnCc1nHnq3gOa6DZBocAIiI2TaSCA7VCJ1UJDMagCzIkXNsUYfD1daK//LTEQ8xiIbrHtcw==}

snapshots:

  '@babel/code-frame@7.29.0':
    dependencies:
      '@babel/helper-validator-identifier': 7.28.5
      js-tokens: 4.0.0
      picocolors: 1.1.1

  '@babel/helper-validator-identifier@7.28.5': {}

  '@colordx/core@5.0.3': {}

  '@jridgewell/gen-mapping@0.3.13':
    dependencies:
      '@jridgewell/sourcemap-codec': 1.5.5
      '@jridgewell/trace-mapping': 0.3.31

  '@jridgewell/resolve-uri@3.1.2': {}

  '@jridgewell/source-map@0.3.11':
    dependencies:
      '@jridgewell/gen-mapping': 0.3.13
      '@jridgewell/trace-mapping': 0.3.31

  '@jridgewell/sourcemap-codec@1.5.5': {}

  '@jridgewell/trace-mapping@0.3.31':
    dependencies:
      '@jridgewell/resolve-uri': 3.1.2
      '@jridgewell/sourcemap-codec': 1.5.5

  '@minify-html/node-darwin-arm64@0.18.1':
    optional: true

  '@minify-html/node-darwin-x64@0.18.1':
    optional: true

  '@minify-html/node-linux-arm64@0.18.1':
    optional: true

  '@minify-html/node-linux-x64@0.18.1':
    optional: true

  '@minify-html/node-win32-x64@0.18.1':
    optional: true

  '@minify-html/node@0.18.1':
    optionalDependencies:
      '@minify-html/node-darwin-arm64': 0.18.1
      '@minify-html/node-darwin-x64': 0.18.1
      '@minify-html/node-linux-arm64': 0.18.1
      '@minify-html/node-linux-x64': 0.18.1
      '@minify-html/node-win32-x64': 0.18.1

  '@swc/counter@0.1.3': {}

  '@swc/html-darwin-arm64@1.15.24':
    optional: true

  '@swc/html-darwin-x64@1.15.24':
    optional: true

  '@swc/html-linux-arm-gnueabihf@1.15.24':
    optional: true

  '@swc/html-linux-arm64-gnu@1.15.24':
    optional: true

  '@swc/html-linux-arm64-musl@1.15.24':
    optional: true

  '@swc/html-linux-ppc64-gnu@1.15.24':
    optional: true

  '@swc/html-linux-s390x-gnu@1.15.24':
    optional: true

  '@swc/html-linux-x64-gnu@1.15.24':
    optional: true

  '@swc/html-linux-x64-musl@1.15.24':
    optional: true

  '@swc/html-win32-arm64-msvc@1.15.24':
    optional: true

  '@swc/html-win32-ia32-msvc@1.15.24':
    optional: true

  '@swc/html-win32-x64-msvc@1.15.24':
    optional: true

  '@swc/html@1.15.24':
    dependencies:
      '@swc/counter': 0.1.3
    optionalDependencies:
      '@swc/html-darwin-arm64': 1.15.24
      '@swc/html-darwin-x64': 1.15.24
      '@swc/html-linux-arm-gnueabihf': 1.15.24
      '@swc/html-linux-arm64-gnu': 1.15.24
      '@swc/html-linux-arm64-musl': 1.15.24
      '@swc/html-linux-ppc64-gnu': 1.15.24
      '@swc/html-linux-s390x-gnu': 1.15.24
      '@swc/html-linux-x64-gnu': 1.15.24
      '@swc/html-linux-x64-musl': 1.15.24
      '@swc/html-win32-arm64-msvc': 1.15.24
      '@swc/html-win32-ia32-msvc': 1.15.24
      '@swc/html-win32-x64-msvc': 1.15.24

  '@types/relateurl@0.2.33': {}

  acorn@8.16.0: {}

  argparse@2.0.1: {}

  baseline-browser-mapping@2.10.16: {}

  boolbase@1.0.0: {}

  browserslist@4.28.2:
    dependencies:
      baseline-browser-mapping: 2.10.16
      caniuse-lite: 1.0.30001786
      electron-to-chromium: 1.5.332
      node-releases: 2.0.37
      update-browserslist-db: 1.2.3(browserslist@4.28.2)

  buffer-from@1.1.2: {}

  callsites@3.1.0: {}

  camel-case@4.1.2:
    dependencies:
      pascal-case: 3.1.2
      tslib: 2.8.1

  caniuse-api@3.0.0:
    dependencies:
      browserslist: 4.28.2
      caniuse-lite: 1.0.30001786
      lodash.memoize: 4.1.2
      lodash.uniq: 4.5.0

  caniuse-lite@1.0.30001786: {}

  clean-css@5.3.3:
    dependencies:
      source-map: 0.6.1

  commander@10.0.1: {}

  commander@11.1.0: {}

  commander@14.0.3: {}

  commander@2.20.3: {}

  cosmiconfig@9.0.1:
    dependencies:
      env-paths: 2.2.1
      import-fresh: 3.3.1
      js-yaml: 4.1.1
      parse-json: 5.2.0

  css-declaration-sorter@7.3.1(postcss@8.5.8):
    dependencies:
      postcss: 8.5.8

  css-select@5.2.2:
    dependencies:
      boolbase: 1.0.0
      css-what: 6.2.2
      domhandler: 5.0.3
      domutils: 3.2.2
      nth-check: 2.1.1

  css-tree@2.2.1:
    dependencies:
      mdn-data: 2.0.28
      source-map-js: 1.2.1

  css-tree@3.2.1:
    dependencies:
      mdn-data: 2.27.1
      source-map-js: 1.2.1

  css-what@6.2.2: {}

  cssesc@3.0.0: {}

  cssnano-preset-default@7.0.12(postcss@8.5.8):
    dependencies:
      browserslist: 4.28.2
      css-declaration-sorter: 7.3.1(postcss@8.5.8)
      cssnano-utils: 5.0.1(postcss@8.5.8)
      postcss: 8.5.8
      postcss-calc: 10.1.1(postcss@8.5.8)
      postcss-colormin: 7.0.7(postcss@8.5.8)
      postcss-convert-values: 7.0.9(postcss@8.5.8)
      postcss-discard-comments: 7.0.6(postcss@8.5.8)
      postcss-discard-duplicates: 7.0.2(postcss@8.5.8)
      postcss-discard-empty: 7.0.1(postcss@8.5.8)
      postcss-discard-overridden: 7.0.1(postcss@8.5.8)
      postcss-merge-longhand: 7.0.5(postcss@8.5.8)
      postcss-merge-rules: 7.0.8(postcss@8.5.8)
      postcss-minify-font-values: 7.0.1(postcss@8.5.8)
      postcss-minify-gradients: 7.0.2(postcss@8.5.8)
      postcss-minify-params: 7.0.6(postcss@8.5.8)
      postcss-minify-selectors: 7.0.6(postcss@8.5.8)
      postcss-normalize-charset: 7.0.1(postcss@8.5.8)
      postcss-normalize-display-values: 7.0.1(postcss@8.5.8)
      postcss-normalize-positions: 7.0.1(postcss@8.5.8)
      postcss-normalize-repeat-style: 7.0.1(postcss@8.5.8)
      postcss-normalize-string: 7.0.1(postcss@8.5.8)
      postcss-normalize-timing-functions: 7.0.1(postcss@8.5.8)
      postcss-normalize-unicode: 7.0.6(postcss@8.5.8)
      postcss-normalize-url: 7.0.1(postcss@8.5.8)
      postcss-normalize-whitespace: 7.0.1(postcss@8.5.8)
      postcss-ordered-values: 7.0.2(postcss@8.5.8)
      postcss-reduce-initial: 7.0.6(postcss@8.5.8)
      postcss-reduce-transforms: 7.0.1(postcss@8.5.8)
      postcss-svgo: 7.1.1(postcss@8.5.8)
      postcss-unique-selectors: 7.0.5(postcss@8.5.8)

  cssnano-utils@5.0.1(postcss@8.5.8):
    dependencies:
      postcss: 8.5.8

  cssnano@7.1.4(postcss@8.5.8):
    dependencies:
      cssnano-preset-default: 7.0.12(postcss@8.5.8)
      lilconfig: 3.1.3
      postcss: 8.5.8

  csso@5.0.5:
    dependencies:
      css-tree: 2.2.1

  detect-libc@2.1.2: {}

  dom-serializer@1.4.1:
    dependencies:
      domelementtype: 2.3.0
      domhandler: 4.3.1
      entities: 2.2.0

  dom-serializer@2.0.0:
    dependencies:
      domelementtype: 2.3.0
      domhandler: 5.0.3
      entities: 4.5.0

  domelementtype@2.3.0: {}

  domhandler@4.3.1:
    dependencies:
      domelementtype: 2.3.0

  domhandler@5.0.3:
    dependencies:
      domelementtype: 2.3.0

  domutils@2.8.0:
    dependencies:
      dom-serializer: 1.4.1
      domelementtype: 2.3.0
      domhandler: 4.3.1

  domutils@3.2.2:
    dependencies:
      dom-serializer: 2.0.0
      domelementtype: 2.3.0
      domhandler: 5.0.3

  dot-case@3.0.4:
    dependencies:
      no-case: 3.0.4
      tslib: 2.8.1

  electron-to-chromium@1.5.332: {}

  entities@2.2.0: {}

  entities@3.0.1: {}

  entities@4.5.0: {}

  entities@7.0.1: {}

  env-paths@2.2.1: {}

  error-ex@1.3.4:
    dependencies:
      is-arrayish: 0.2.1

  escalade@3.2.0: {}

  html-minifier-next@5.2.2:
    dependencies:
      commander: 14.0.3
      entities: 7.0.1
      lightningcss: 1.32.0
      svgo: 4.0.1
      terser: 5.46.1

  html-minifier-terser@7.2.0:
    dependencies:
      camel-case: 4.1.2
      clean-css: 5.3.3
      commander: 10.0.1
      entities: 4.5.0
      param-case: 3.0.4
      relateurl: 0.2.7
      terser: 5.46.1

  htmlnano@3.2.0(cssnano@7.1.4(postcss@8.5.8))(postcss@8.5.8)(relateurl@0.2.7)(svgo@4.0.1)(terser@5.46.1):
    dependencies:
      '@types/relateurl': 0.2.33
      commander: 14.0.3
      cosmiconfig: 9.0.1
      posthtml: 0.16.7
    optionalDependencies:
      cssnano: 7.1.4(postcss@8.5.8)
      postcss: 8.5.8
      relateurl: 0.2.7
      svgo: 4.0.1
      terser: 5.46.1
    transitivePeerDependencies:
      - typescript

  htmlparser2@7.2.0:
    dependencies:
      domelementtype: 2.3.0
      domhandler: 4.3.1
      domutils: 2.8.0
      entities: 3.0.1

  import-fresh@3.3.1:
    dependencies:
      parent-module: 1.0.1
      resolve-from: 4.0.0

  is-arrayish@0.2.1: {}

  is-json@2.0.1: {}

  js-tokens@4.0.0: {}

  js-yaml@4.1.1:
    dependencies:
      argparse: 2.0.1

  json-parse-even-better-errors@2.3.1: {}

  lightningcss-android-arm64@1.32.0:
    optional: true

  lightningcss-darwin-arm64@1.32.0:
    optional: true

  lightningcss-darwin-x64@1.32.0:
    optional: true

  lightningcss-freebsd-x64@1.32.0:
    optional: true

  lightningcss-linux-arm-gnueabihf@1.32.0:
    optional: true

  lightningcss-linux-arm64-gnu@1.32.0:
    optional: true

  lightningcss-linux-arm64-musl@1.32.0:
    optional: true

  lightningcss-linux-x64-gnu@1.32.0:
    optional: true

  lightningcss-linux-x64-musl@1.32.0:
    optional: true

  lightningcss-win32-arm64-msvc@1.32.0:
    optional: true

  lightningcss-win32-x64-msvc@1.32.0:
    optional: true

  lightningcss@1.32.0:
    dependencies:
      detect-libc: 2.1.2
    optionalDependencies:
      lightningcss-android-arm64: 1.32.0
      lightningcss-darwin-arm64: 1.32.0
      lightningcss-darwin-x64: 1.32.0
      lightningcss-freebsd-x64: 1.32.0
      lightningcss-linux-arm-gnueabihf: 1.32.0
      lightningcss-linux-arm64-gnu: 1.32.0
      lightningcss-linux-arm64-musl: 1.32.0
      lightningcss-linux-x64-gnu: 1.32.0
      lightningcss-linux-x64-musl: 1.32.0
      lightningcss-win32-arm64-msvc: 1.32.0
      lightningcss-win32-x64-msvc: 1.32.0

  lilconfig@3.1.3: {}

  lines-and-columns@1.2.4: {}

  lodash.memoize@4.1.2: {}

  lodash.uniq@4.5.0: {}

  lower-case@2.0.2:
    dependencies:
      tslib: 2.8.1

  mdn-data@2.0.28: {}

  mdn-data@2.27.1: {}

  nanoid@3.3.11: {}

  no-case@3.0.4:
    dependencies:
      lower-case: 2.0.2
      tslib: 2.8.1

  node-releases@2.0.37: {}

  nth-check@2.1.1:
    dependencies:
      boolbase: 1.0.0

  param-case@3.0.4:
    dependencies:
      dot-case: 3.0.4
      tslib: 2.8.1

  parent-module@1.0.1:
    dependencies:
      callsites: 3.1.0

  parse-json@5.2.0:
    dependencies:
      '@babel/code-frame': 7.29.0
      error-ex: 1.3.4
      json-parse-even-better-errors: 2.3.1
      lines-and-columns: 1.2.4

  pascal-case@3.1.2:
    dependencies:
      no-case: 3.0.4
      tslib: 2.8.1

  picocolors@1.1.1: {}

  postcss-calc@10.1.1(postcss@8.5.8):
    dependencies:
      postcss: 8.5.8
      postcss-selector-parser: 7.1.1
      postcss-value-parser: 4.2.0

  postcss-colormin@7.0.7(postcss@8.5.8):
    dependencies:
      '@colordx/core': 5.0.3
      browserslist: 4.28.2
      caniuse-api: 3.0.0
      postcss: 8.5.8
      postcss-value-parser: 4.2.0

  postcss-convert-values@7.0.9(postcss@8.5.8):
    dependencies:
      browserslist: 4.28.2
      postcss: 8.5.8
      postcss-value-parser: 4.2.0

  postcss-discard-comments@7.0.6(postcss@8.5.8):
    dependencies:
      postcss: 8.5.8
      postcss-selector-parser: 7.1.1

  postcss-discard-duplicates@7.0.2(postcss@8.5.8):
    dependencies:
      postcss: 8.5.8

  postcss-discard-empty@7.0.1(postcss@8.5.8):
    dependencies:
      postcss: 8.5.8

  postcss-discard-overridden@7.0.1(postcss@8.5.8):
    dependencies:
      postcss: 8.5.8

  postcss-merge-longhand@7.0.5(postcss@8.5.8):
    dependencies:
      postcss: 8.5.8
      postcss-value-parser: 4.2.0
      stylehacks: 7.0.8(postcss@8.5.8)

  postcss-merge-rules@7.0.8(postcss@8.5.8):
    dependencies:
      browserslist: 4.28.2
      caniuse-api: 3.0.0
      cssnano-utils: 5.0.1(postcss@8.5.8)
      postcss: 8.5.8
      postcss-selector-parser: 7.1.1

  postcss-minify-font-values@7.0.1(postcss@8.5.8):
    dependencies:
      postcss: 8.5.8
      postcss-value-parser: 4.2.0

  postcss-minify-gradients@7.0.2(postcss@8.5.8):
    dependencies:
      '@colordx/core': 5.0.3
      cssnano-utils: 5.0.1(postcss@8.5.8)
      postcss: 8.5.8
      postcss-value-parser: 4.2.0

  postcss-minify-params@7.0.6(postcss@8.5.8):
    dependencies:
      browserslist: 4.28.2
      cssnano-utils: 5.0.1(postcss@8.5.8)
      postcss: 8.5.8
      postcss-value-parser: 4.2.0

  postcss-minify-selectors@7.0.6(postcss@8.5.8):
    dependencies:
      cssesc: 3.0.0
      postcss: 8.5.8
      postcss-selector-parser: 7.1.1

  postcss-normalize-charset@7.0.1(postcss@8.5.8):
    dependencies:
      postcss: 8.5.8

  postcss-normalize-display-values@7.0.1(postcss@8.5.8):
    dependencies:
      postcss: 8.5.8
      postcss-value-parser: 4.2.0

  postcss-normalize-positions@7.0.1(postcss@8.5.8):
    dependencies:
      postcss: 8.5.8
      postcss-value-parser: 4.2.0

  postcss-normalize-repeat-style@7.0.1(postcss@8.5.8):
    dependencies:
      postcss: 8.5.8
      postcss-value-parser: 4.2.0

  postcss-normalize-string@7.0.1(postcss@8.5.8):
    dependencies:
      postcss: 8.5.8
      postcss-value-parser: 4.2.0

  postcss-normalize-timing-functions@7.0.1(postcss@8.5.8):
    dependencies:
      postcss: 8.5.8
      postcss-value-parser: 4.2.0

  postcss-normalize-unicode@7.0.6(postcss@8.5.8):
    dependencies:
      browserslist: 4.28.2
      postcss: 8.5.8
      postcss-value-parser: 4.2.0

  postcss-normalize-url@7.0.1(postcss@8.5.8):
    dependencies:
      postcss: 8.5.8
      postcss-value-parser: 4.2.0

  postcss-normalize-whitespace@7.0.1(postcss@8.5.8):
    dependencies:
      postcss: 8.5.8
      postcss-value-parser: 4.2.0

  postcss-ordered-values@7.0.2(postcss@8.5.8):
    dependencies:
      cssnano-utils: 5.0.1(postcss@8.5.8)
      postcss: 8.5.8
      postcss-value-parser: 4.2.0

  postcss-reduce-initial@7.0.6(postcss@8.5.8):
    dependencies:
      browserslist: 4.28.2
      caniuse-api: 3.0.0
      postcss: 8.5.8

  postcss-reduce-transforms@7.0.1(postcss@8.5.8):
    dependencies:
      postcss: 8.5.8
      postcss-value-parser: 4.2.0

  postcss-selector-parser@7.1.1:
    dependencies:
      cssesc: 3.0.0
      util-deprecate: 1.0.2

  postcss-svgo@7.1.1(postcss@8.5.8):
    dependencies:
      postcss: 8.5.8
      postcss-value-parser: 4.2.0
      svgo: 4.0.1

  postcss-unique-selectors@7.0.5(postcss@8.5.8):
    dependencies:
      postcss: 8.5.8
      postcss-selector-parser: 7.1.1

  postcss-value-parser@4.2.0: {}

  postcss@8.5.8:
    dependencies:
      nanoid: 3.3.11
      picocolors: 1.1.1
      source-map-js: 1.2.1

  posthtml-parser@0.11.0:
    dependencies:
      htmlparser2: 7.2.0

  posthtml-render@3.0.0:
    dependencies:
      is-json: 2.0.1

  posthtml@0.16.7:
    dependencies:
      posthtml-parser: 0.11.0
      posthtml-render: 3.0.0

  relateurl@0.2.7: {}

  resolve-from@4.0.0: {}

  sax@1.6.0: {}

  source-map-js@1.2.1: {}

  source-map-support@0.5.21:
    dependencies:
      buffer-from: 1.1.2
      source-map: 0.6.1

  source-map@0.6.1: {}

  stylehacks@7.0.8(postcss@8.5.8):
    dependencies:
      browserslist: 4.28.2
      postcss: 8.5.8
      postcss-selector-parser: 7.1.1

  svgo@4.0.1:
    dependencies:
      commander: 11.1.0
      css-select: 5.2.2
      css-tree: 3.2.1
      css-what: 6.2.2
      csso: 5.0.5
      picocolors: 1.1.1
      sax: 1.6.0

  terser@5.46.1:
    dependencies:
      '@jridgewell/source-map': 0.3.11
      acorn: 8.16.0
      commander: 2.20.3
      source-map-support: 0.5.21

  tslib@2.8.1: {}

  update-browserslist-db@1.2.3(browserslist@4.28.2):
    dependencies:
      browserslist: 4.28.2
      escalade: 3.2.0
      picocolors: 1.1.1

  util-deprecate@1.0.2: {}
