lockfileVersion: '9.0'

settings:
  autoInstallPeers: true
  excludeLinksFromLockfile: false

importers:

  .:
    devDependencies:
      '@minify-html/node':
        specifier: ^0.18.1
        version: 0.18.1
      '@swc/html':
        specifier: ^1.15.11
        version: 1.15.11
      cssnano:
        specifier: ^7.1.2
        version: 7.1.2(postcss@8.5.6)
      html-minifier-next:
        specifier: ^5.0.3
        version: 5.0.3
      html-minifier-terser:
        specifier: ^7.2.0
        version: 7.2.0
      htmlnano:
        specifier: ^3.1.0
        version: 3.1.0(cssnano@7.1.2(postcss@8.5.6))(postcss@8.5.6)(relateurl@0.2.7)(svgo@4.0.0)(terser@5.46.0)
      lightningcss:
        specifier: ^1.31.1
        version: 1.31.1
      svgo:
        specifier: ^4.0.0
        version: 4.0.0

packages:

  '@babel/code-frame@7.29.0':
    resolution: {integrity: sha512-9NhCeYjq9+3uxgdtp20LSiJXJvN0FeCtNGpJxuMFZ1Kv3cWUNb6DOhJwUvcVCzKGR66cw4njwM6hrJLqgOwbcw==}
    engines: {node: '>=6.9.0'}

  '@babel/helper-validator-identifier@7.28.5':
    resolution: {integrity: sha512-qSs4ifwzKJSV39ucNjsvc6WVHs6b7S03sOh2OcHF9UHfVPqWWALUsNUVzhSBiItjRZoLHx7nIarVjqKVusUZ1Q==}
    engines: {node: '>=6.9.0'}

  '@jridgewell/gen-mapping@0.3.13':
    resolution: {integrity: sha512-2kkt/7niJ6MgEPxF0bYdQ6etZaA+fQvDcLKckhy1yIQOzaoKjBBjSj63/aLVjYE3qhRt5dvM+uUyfCg6UKCBbA==}

  '@jridgewell/resolve-uri@3.1.2':
    resolution: {integrity: sha512-bRISgCIjP20/tbWSPWMEi54QVPRZExkuD9lJL+UIxUKtwVJA8wW1Trb1jMs1RFXo1CBTNZ/5hpC9QvmKWdopKw==}
    engines: {node: '>=6.0.0'}

  '@jridgewell/source-map@0.3.11':
    resolution: {integrity: sha512-ZMp1V8ZFcPG5dIWnQLr3NSI1MiCU7UETdS/A0G8V/XWHvJv3ZsFqutJn1Y5RPmAPX6F3BiE397OqveU/9NCuIA==}

  '@jridgewell/sourcemap-codec@1.5.5':
    resolution: {integrity: sha512-cYQ9310grqxueWbl+WuIUIaiUaDcj7WOq5fVhEljNVgRfOUhY9fy2zTvfoqWsnebh8Sl70VScFbICvJnLKB0Og==}

  '@jridgewell/trace-mapping@0.3.31':
    resolution: {integrity: sha512-zzNR+SdQSDJzc8joaeP8QQoCQr8NuYx2dIIytl1QeBEZHJ9uW6hebsrYgbz8hJwUQao3TWCMtmfV8Nu1twOLAw==}

  '@minify-html/node-darwin-arm64@0.18.1':
    resolution: {integrity: sha512-sc/VJHRcHtEk0IQP2hRA/TWkAQntaYH3RCw8n750NbfzliQqkyrDqNAGiKBOli7UlhFtG/H2aWqGjtOjIM/dZA==}
    cpu: [arm64]
    os: [darwin]

  '@minify-html/node-darwin-x64@0.18.1':
    resolution: {integrity: sha512-0bff2ng4Vgp3+kdC8zgjd5dMN04zkM4nGuYEVP4dLR7J5NCD/Ka4XD4CKNSDZ9goLYQ8BjtKD6AeDTfJ8KBjrA==}
    cpu: [x64]
    os: [darwin]

  '@minify-html/node-linux-arm64@0.18.1':
    resolution: {integrity: sha512-CVGu5XVmmDrGFuA9/b/695rJBFvfTZFwKJJYA1ZXAsBZrqlKVO4bfXPq9DVNmhQ76ky3LFtVZ/+UsU7xpyK5Qw==}
    cpu: [arm64]
    os: [linux]

  '@minify-html/node-linux-x64@0.18.1':
    resolution: {integrity: sha512-qmIv4kRyhZTKO3nXDXHlFrhnmwIKTM57ZRomlYRYdZTWiFW3CbJ4Ggg57qIgx7D/t4dgyS7/O8OTetrWvmEg9w==}
    cpu: [x64]
    os: [linux]

  '@minify-html/node-win32-x64@0.18.1':
    resolution: {integrity: sha512-SNRE/NvcKXvh4UwXTRrujNSWaCj/3E+FFN+FLOBaN4FY+dZG83h6nWxGHJ5+LAoJxVTU7Al1e8toi4JjHpzv2w==}
    cpu: [x64]
    os: [win32]

  '@minify-html/node@0.18.1':
    resolution: {integrity: sha512-pNOv6z9zUDrjTU1+VcPOnDzGeaaqd6m9kbyHU+sg9O35450uzfke8ahx8gKlFdp/kQFrRn2rFIGAoANUZ62nSw==}
    engines: {node: '>= 8.6.0'}
    hasBin: true

  '@swc/counter@0.1.3':
    resolution: {integrity: sha512-e2BR4lsJkkRlKZ/qCHPw9ZaSxc0MVUd7gtbtaB7aMvHeJVYe8sOB8DBZkP2DtISHGSku9sCK6T6cnY0CtXrOCQ==}

  '@swc/html-darwin-arm64@1.15.11':
    resolution: {integrity: sha512-FTa0ypbMbUXiwXIIT76HMFQYewEdTsPKOQGDqI6/kUTzU+lCIqIJequdoh6gqQvMq2BtBu/15dkTYYIlp4JoJw==}
    engines: {node: '>=10'}
    cpu: [arm64]
    os: [darwin]

  '@swc/html-darwin-x64@1.15.11':
    resolution: {integrity: sha512-U+WFUFqbqS2WsLVCt40MuBGJ7mxDJi/T8RocBvQkoRwU3juOmeM2V/Od/QLBZxTFZTLQ3RCHJTkLXSDnxUWUuw==}
    engines: {node: '>=10'}
    cpu: [x64]
    os: [darwin]

  '@swc/html-linux-arm-gnueabihf@1.15.11':
    resolution: {integrity: sha512-Cid64465sEkAiTh8KLFCbQbsIbgDzPeGdA5ZYB8w5AXmYAGPJ0xbeRHEFq3iq469Dj2rxYvExrLCXNhn8rHbww==}
    engines: {node: '>=10'}
    cpu: [arm]
    os: [linux]

  '@swc/html-linux-arm64-gnu@1.15.11':
    resolution: {integrity: sha512-sxKdt0QJIR2x/6pAmDPK0tjfGVwsSZsfeY1BM8ODTm7h18ApE7KVNN+ZtsDbl4n5ejfXG7fOWNmMPUvj8qSMSA==}
    engines: {node: '>=10'}
    cpu: [arm64]
    os: [linux]

  '@swc/html-linux-arm64-musl@1.15.11':
    resolution: {integrity: sha512-aNACh2/HPy52VbKPqHieVRDeKzkO66DQdlhiVUi+fggdn8khvllni6Xr52INeAMjYFASrTTth/3vKXMv215t3A==}
    engines: {node: '>=10'}
    cpu: [arm64]
    os: [linux]

  '@swc/html-linux-x64-gnu@1.15.11':
    resolution: {integrity: sha512-8YOar0XeRLBzA+UMMW5smGpsQamoZLtaQ5RKGfap21FxOUUXqkPhkDTRr+kBVCYb47yz3NokjTPaDGTWOYNyww==}
    engines: {node: '>=10'}
    cpu: [x64]
    os: [linux]

  '@swc/html-linux-x64-musl@1.15.11':
    resolution: {integrity: sha512-em2Ur0uGFA/nw2JbMclXu9mLuUC7q/1J06i8FZTRHqZzNGt9Q0UMdgH9T8HkGLT5e7dZ6ROJoq1H4st6B8N3uw==}
    engines: {node: '>=10'}
    cpu: [x64]
    os: [linux]

  '@swc/html-win32-arm64-msvc@1.15.11':
    resolution: {integrity: sha512-Xf9Vd4UsYTs4ejBwS+j9zShkyp3KQ+qfn/ZKVMKDygWjuOjU6FFXWYm93/PdTmS5qD0c58FhmoqTv+uFEZ4nxQ==}
    engines: {node: '>=10'}
    cpu: [arm64]
    os: [win32]

  '@swc/html-win32-ia32-msvc@1.15.11':
    resolution: {integrity: sha512-+YNzKR81UqH+xOZPU8XEIy5L6E63UUGSSEu1Wv3D85GVMQkZ8X9LZkZ5hq4vvqmCTV1zeHIPfzNrrVElqK198g==}
    engines: {node: '>=10'}
    cpu: [ia32]
    os: [win32]

  '@swc/html-win32-x64-msvc@1.15.11':
    resolution: {integrity: sha512-Y3Xj62eA+pjadhgiVNFUBgIN9Wa1gYrB3N1l6NmSLeApVE2qkBww3WrVXhRDfqUXiWz7eRHPDakZSRQREyMv5A==}
    engines: {node: '>=10'}
    cpu: [x64]
    os: [win32]

  '@swc/html@1.15.11':
    resolution: {integrity: sha512-JOO48SCxyR3KbH9iiLMSWRDm7+Xl6lgvOBe5di54W8PsumdeP0Imatq8cunkRAUR7br8xAjlpB16bX6iJeyeMw==}
    engines: {node: '>=14'}

  '@types/relateurl@0.2.33':
    resolution: {integrity: sha512-bTQCKsVbIdzLqZhLkF5fcJQreE4y1ro4DIyVrlDNSCJRRwHhB8Z+4zXXa8jN6eDvc2HbRsEYgbvrnGvi54EpSw==}

  acorn@8.15.0:
    resolution: {integrity: sha512-NZyJarBfL7nWwIq+FDL6Zp/yHEhePMNnnJ0y3qfieCrmNvYct8uvtiV41UvlSe6apAfk0fY1FbWx+NwfmpvtTg==}
    engines: {node: '>=0.4.0'}
    hasBin: true

  argparse@2.0.1:
    resolution: {integrity: sha512-8+9WqebbFzpX9OR+Wa6O29asIogeRMzcGtAINdpMHHyAg10f05aSFVBbcEqGf/PXw1EjAZ+q2/bEBg3DvurK3Q==}

  baseline-browser-mapping@2.9.19:
    resolution: {integrity: sha512-ipDqC8FrAl/76p2SSWKSI+H9tFwm7vYqXQrItCuiVPt26Km0jS+NzSsBWAaBusvSbQcfJG+JitdMm+wZAgTYqg==}
    hasBin: true

  boolbase@1.0.0:
    resolution: {integrity: sha512-JZOSA7Mo9sNGB8+UjSgzdLtokWAky1zbztM3WRLCbZ70/3cTANmQmOdR7y2g+J0e2WXywy1yS468tY+IruqEww==}

  browserslist@4.28.1:
    resolution: {integrity: sha512-ZC5Bd0LgJXgwGqUknZY/vkUQ04r8NXnJZ3yYi4vDmSiZmC/pdSN0NbNRPxZpbtO4uAfDUAFffO8IZoM3Gj8IkA==}
    engines: {node: ^6 || ^7 || ^8 || ^9 || ^10 || ^11 || ^12 || >=13.7}
    hasBin: true

  buffer-from@1.1.2:
    resolution: {integrity: sha512-E+XQCRwSbaaiChtv6k6Dwgc+bx+Bs6vuKJHHl5kox/BaKbhiXzqQOwK4cO22yElGp2OCmjwVhT3HmxgyPGnJfQ==}

  callsites@3.1.0:
    resolution: {integrity: sha512-P8BjAsXvZS+VIDUI11hHCQEv74YT67YUi5JJFNWIqL235sBmjX4+qx9Muvls5ivyNENctx46xQLQ3aTuE7ssaQ==}
    engines: {node: '>=6'}

  camel-case@4.1.2:
    resolution: {integrity: sha512-gxGWBrTT1JuMx6R+o5PTXMmUnhnVzLQ9SNutD4YqKtI6ap897t3tKECYla6gCWEkplXnlNybEkZg9GEGxKFCgw==}

  caniuse-api@3.0.0:
    resolution: {integrity: sha512-bsTwuIg/BZZK/vreVTYYbSWoe2F+71P7K5QGEX+pT250DZbfU1MQ5prOKpPR+LL6uWKK3KMwMCAS74QB3Um1uw==}

  caniuse-lite@1.0.30001768:
    resolution: {integrity: sha512-qY3aDRZC5nWPgHUgIB84WL+nySuo19wk0VJpp/XI9T34lrvkyhRvNVOFJOp2kxClQhiFBu+TaUSudf6oa3vkSA==}

  clean-css@5.3.3:
    resolution: {integrity: sha512-D5J+kHaVb/wKSFcyyV75uCn8fiY4sV38XJoe4CUyGQ+mOU/fMVYUdH1hJC+CJQ5uY3EnW27SbJYS4X8BiLrAFg==}
    engines: {node: '>= 10.0'}

  colord@2.9.3:
    resolution: {integrity: sha512-jeC1axXpnb0/2nn/Y1LPuLdgXBLH7aDcHu4KEKfqw3CUhX7ZpfBSlPKyqXE6btIgEzfWtrX3/tyBCaCvXvMkOw==}

  commander@10.0.1:
    resolution: {integrity: sha512-y4Mg2tXshplEbSGzx7amzPwKKOCGuoSRP/CjEdwwk0FOGlUbq6lKuoyDZTNZkmxHdJtp54hdfY/JUrdL7Xfdug==}
    engines: {node: '>=14'}

  commander@11.1.0:
    resolution: {integrity: sha512-yPVavfyCcRhmorC7rWlkHn15b4wDVgVmBA7kV4QVBsF7kv/9TKJAbAXVTxvTnwP8HHKjRCJDClKbciiYS7p0DQ==}
    engines: {node: '>=16'}

  commander@14.0.3:
    resolution: {integrity: sha512-H+y0Jo/T1RZ9qPP4Eh1pkcQcLRglraJaSLoyOtHxu6AapkjWVCy2Sit1QQ4x3Dng8qDlSsZEet7g5Pq06MvTgw==}
    engines: {node: '>=20'}

  commander@2.20.3:
    resolution: {integrity: sha512-GpVkmM8vF2vQUkj2LvZmD35JxeJOLCwJ9cUkugyk2nuhbv3+mJvpLYYt+0+USMxE+oj+ey/lJEnhZw75x/OMcQ==}

  cosmiconfig@9.0.0:
    resolution: {integrity: sha512-itvL5h8RETACmOTFc4UfIyB2RfEHi71Ax6E/PivVxq9NseKbOWpeyHEOIbmAw1rs8Ak0VursQNww7lf7YtUwzg==}
    engines: {node: '>=14'}
    peerDependencies:
      typescript: '>=4.9.5'
    peerDependenciesMeta:
      typescript:
        optional: true

  css-declaration-sorter@7.3.1:
    resolution: {integrity: sha512-gz6x+KkgNCjxq3Var03pRYLhyNfwhkKF1g/yoLgDNtFvVu0/fOLV9C8fFEZRjACp/XQLumjAYo7JVjzH3wLbxA==}
    engines: {node: ^14 || ^16 || >=18}
    peerDependencies:
      postcss: ^8.0.9

  css-select@5.2.2:
    resolution: {integrity: sha512-TizTzUddG/xYLA3NXodFM0fSbNizXjOKhqiQQwvhlspadZokn1KDy0NZFS0wuEubIYAV5/c1/lAr0TaaFXEXzw==}

  css-tree@2.2.1:
    resolution: {integrity: sha512-OA0mILzGc1kCOCSJerOeqDxDQ4HOh+G8NbOJFOTgOCzpw7fCBubk0fEyxp8AgOL/jvLgYA/uV0cMbe43ElF1JA==}
    engines: {node: ^10 || ^12.20.0 || ^14.13.0 || >=15.0.0, npm: '>=7.0.0'}

  css-tree@3.1.0:
    resolution: {integrity: sha512-0eW44TGN5SQXU1mWSkKwFstI/22X2bG1nYzZTYMAWjylYURhse752YgbE4Cx46AC+bAvI+/dYTPRk1LqSUnu6w==}
    engines: {node: ^10 || ^12.20.0 || ^14.13.0 || >=15.0.0}

  css-what@6.2.2:
    resolution: {integrity: sha512-u/O3vwbptzhMs3L1fQE82ZSLHQQfto5gyZzwteVIEyeaY5Fc7R4dapF/BvRoSYFeqfBk4m0V1Vafq5Pjv25wvA==}
    engines: {node: '>= 6'}

  cssesc@3.0.0:
    resolution: {integrity: sha512-/Tb/JcjK111nNScGob5MNtsntNM1aCNUDipB/TkwZFhyDrrE47SOx/18wF2bbjgc3ZzCSKW1T5nt5EbFoAz/Vg==}
    engines: {node: '>=4'}
    hasBin: true

  cssnano-preset-default@7.0.10:
    resolution: {integrity: sha512-6ZBjW0Lf1K1Z+0OKUAUpEN62tSXmYChXWi2NAA0afxEVsj9a+MbcB1l5qel6BHJHmULai2fCGRthCeKSFbScpA==}
    engines: {node: ^18.12.0 || ^20.9.0 || >=22.0}
    peerDependencies:
      postcss: ^8.4.32

  cssnano-utils@5.0.1:
    resolution: {integrity: sha512-ZIP71eQgG9JwjVZsTPSqhc6GHgEr53uJ7tK5///VfyWj6Xp2DBmixWHqJgPno+PqATzn48pL42ww9x5SSGmhZg==}
    engines: {node: ^18.12.0 || ^20.9.0 || >=22.0}
    peerDependencies:
      postcss: ^8.4.32

  cssnano@7.1.2:
    resolution: {integrity: sha512-HYOPBsNvoiFeR1eghKD5C3ASm64v9YVyJB4Ivnl2gqKoQYvjjN/G0rztvKQq8OxocUtC6sjqY8jwYngIB4AByA==}
    engines: {node: ^18.12.0 || ^20.9.0 || >=22.0}
    peerDependencies:
      postcss: ^8.4.32

  csso@5.0.5:
    resolution: {integrity: sha512-0LrrStPOdJj+SPCCrGhzryycLjwcgUSHBtxNA8aIDxf0GLsRh1cKYhB00Gd1lDOS4yGH69+SNn13+TWbVHETFQ==}
    engines: {node: ^10 || ^12.20.0 || ^14.13.0 || >=15.0.0, npm: '>=7.0.0'}

  detect-libc@2.1.2:
    resolution: {integrity: sha512-Btj2BOOO83o3WyH59e8MgXsxEQVcarkUOpEYrubB0urwnN10yQ364rsiByU11nZlqWYZm05i/of7io4mzihBtQ==}
    engines: {node: '>=8'}

  dom-serializer@1.4.1:
    resolution: {integrity: sha512-VHwB3KfrcOOkelEG2ZOfxqLZdfkil8PtJi4P8N2MMXucZq2yLp75ClViUlOVwyoHEDjYU433Aq+5zWP61+RGag==}

  dom-serializer@2.0.0:
    resolution: {integrity: sha512-wIkAryiqt/nV5EQKqQpo3SToSOV9J0DnbJqwK7Wv/Trc92zIAYZ4FlMu+JPFW1DfGFt81ZTCGgDEabffXeLyJg==}

  domelementtype@2.3.0:
    resolution: {integrity: sha512-OLETBj6w0OsagBwdXnPdN0cnMfF9opN69co+7ZrbfPGrdpPVNBUj02spi6B1N7wChLQiPn4CSH/zJvXw56gmHw==}

  domhandler@4.3.1:
    resolution: {integrity: sha512-GrwoxYN+uWlzO8uhUXRl0P+kHE4GtVPfYzVLcUxPL7KNdHKj66vvlhiweIHqYYXWlw+T8iLMp42Lm67ghw4WMQ==}
    engines: {node: '>= 4'}

  domhandler@5.0.3:
    resolution: {integrity: sha512-cgwlv/1iFQiFnU96XXgROh8xTeetsnJiDsTc7TYCLFd9+/WNkIqPTxiM/8pSd8VIrhXGTf1Ny1q1hquVqDJB5w==}
    engines: {node: '>= 4'}

  domutils@2.8.0:
    resolution: {integrity: sha512-w96Cjofp72M5IIhpjgobBimYEfoPjx1Vx0BSX9P30WBdZW2WIKU0T1Bd0kz2eNZ9ikjKgHbEyKx8BB6H1L3h3A==}

  domutils@3.2.2:
    resolution: {integrity: sha512-6kZKyUajlDuqlHKVX1w7gyslj9MPIXzIFiz/rGu35uC1wMi+kMhQwGhl4lt9unC9Vb9INnY9Z3/ZA3+FhASLaw==}

  dot-case@3.0.4:
    resolution: {integrity: sha512-Kv5nKlh6yRrdrGvxeJ2e5y2eRUpkUosIW4A2AS38zwSz27zu7ufDwQPi5Jhs3XAlGNetl3bmnGhQsMtkKJnj3w==}

  electron-to-chromium@1.5.286:
    resolution: {integrity: sha512-9tfDXhJ4RKFNerfjdCcZfufu49vg620741MNs26a9+bhLThdB+plgMeou98CAaHu/WATj2iHOOHTp1hWtABj2A==}

  entities@2.2.0:
    resolution: {integrity: sha512-p92if5Nz619I0w+akJrLZH0MX0Pb5DX39XOwQTtXSdQQOaYH03S1uIQp4mhOZtAXrxq4ViO67YTiLBo2638o9A==}

  entities@3.0.1:
    resolution: {integrity: sha512-WiyBqoomrwMdFG1e0kqvASYfnlb0lp8M5o5Fw2OFq1hNZxxcNk8Ik0Xm7LxzBhuidnZB/UtBqVCgUz3kBOP51Q==}
    engines: {node: '>=0.12'}

  entities@4.5.0:
    resolution: {integrity: sha512-V0hjH4dGPh9Ao5p0MoRY6BVqtwCjhz6vI5LT8AJ55H+4g9/4vbHx1I54fS0XuclLhDHArPQCiMjDxjaL8fPxhw==}
    engines: {node: '>=0.12'}

  entities@7.0.1:
    resolution: {integrity: sha512-TWrgLOFUQTH994YUyl1yT4uyavY5nNB5muff+RtWaqNVCAK408b5ZnnbNAUEWLTCpum9w6arT70i1XdQ4UeOPA==}
    engines: {node: '>=0.12'}

  env-paths@2.2.1:
    resolution: {integrity: sha512-+h1lkLKhZMTYjog1VEpJNG7NZJWcuc2DDk/qsqSTRRCOXiLjeQ1d1/udrUGhqMxUgAlwKNZ0cf2uqan5GLuS2A==}
    engines: {node: '>=6'}

  error-ex@1.3.4:
    resolution: {integrity: sha512-sqQamAnR14VgCr1A618A3sGrygcpK+HEbenA/HiEAkkUwcZIIB/tgWqHFxWgOyDh4nB4JCRimh79dR5Ywc9MDQ==}

  escalade@3.2.0:
    resolution: {integrity: sha512-WUj2qlxaQtO4g6Pq5c29GTcWGDyd8itL8zTlipgECz3JesAiiOKotd8JU6otB3PACgG6xkJUyVhboMS+bje/jA==}
    engines: {node: '>=6'}

  html-minifier-next@5.0.3:
    resolution: {integrity: sha512-K2yecumQe2XeH91TputfjSD4G1YEdBZfZt90On+c/8S2VNEKL20uAmmO6oaxNZSXZPsvqOE/gKuckT4nLCSJGw==}
    hasBin: true
    peerDependencies:
      '@swc/core': ^1.15.7
    peerDependenciesMeta:
      '@swc/core':
        optional: true

  html-minifier-terser@7.2.0:
    resolution: {integrity: sha512-tXgn3QfqPIpGl9o+K5tpcj3/MN4SfLtsx2GWwBC3SSd0tXQGyF3gsSqad8loJgKZGM3ZxbYDd5yhiBIdWpmvLA==}
    engines: {node: ^14.13.1 || >=16.0.0}
    hasBin: true

  htmlnano@3.1.0:
    resolution: {integrity: sha512-KUjWLYj+KmpYtdSctiDWT1Q5sEd+GcaoZ6xn/D1HIkeuQQs8Z7meoGRf2vR4TL7Ds4qezyg39xbPaeq7ewtqyA==}
    hasBin: true
    peerDependencies:
      cssnano: ^7.0.0
      postcss: ^8.3.11
      purgecss: ^8.0.0
      relateurl: ^0.2.7
      srcset: ^5.0.1
      svgo: ^4.0.0
      terser: ^5.21.0
      uncss: ^0.17.3
    peerDependenciesMeta:
      cssnano:
        optional: true
      postcss:
        optional: true
      purgecss:
        optional: true
      relateurl:
        optional: true
      srcset:
        optional: true
      svgo:
        optional: true
      terser:
        optional: true
      uncss:
        optional: true

  htmlparser2@7.2.0:
    resolution: {integrity: sha512-H7MImA4MS6cw7nbyURtLPO1Tms7C5H602LRETv95z1MxO/7CP7rDVROehUYeYBUYEON94NXXDEPmZuq+hX4sog==}

  import-fresh@3.3.1:
    resolution: {integrity: sha512-TR3KfrTZTYLPB6jUjfx6MF9WcWrHL9su5TObK4ZkYgBdWKPOFoSoQIdEuTuR82pmtxH2spWG9h6etwfr1pLBqQ==}
    engines: {node: '>=6'}

  is-arrayish@0.2.1:
    resolution: {integrity: sha512-zz06S8t0ozoDXMG+ube26zeCTNXcKIPJZJi8hBrF4idCLms4CG9QtK7qBl1boi5ODzFpjswb5JPmHCbMpjaYzg==}

  is-json@2.0.1:
    resolution: {integrity: sha512-6BEnpVn1rcf3ngfmViLM6vjUjGErbdrL4rwlv+u1NO1XO8kqT4YGL8+19Q+Z/bas8tY90BTWMk2+fW1g6hQjbA==}

  js-tokens@4.0.0:
    resolution: {integrity: sha512-RdJUflcE3cUzKiMqQgsCu06FPu9UdIJO0beYbPhHN4k6apgJtifcoCtT9bcxOpYBtpD2kCM6Sbzg4CausW/PKQ==}

  js-yaml@4.1.1:
    resolution: {integrity: sha512-qQKT4zQxXl8lLwBtHMWwaTcGfFOZviOJet3Oy/xmGk2gZH677CJM9EvtfdSkgWcATZhj/55JZ0rmy3myCT5lsA==}
    hasBin: true

  json-parse-even-better-errors@2.3.1:
    resolution: {integrity: sha512-xyFwyhro/JEof6Ghe2iz2NcXoj2sloNsWr/XsERDK/oiPCfaNhl5ONfp+jQdAZRQQ0IJWNzH9zIZF7li91kh2w==}

  lightningcss-android-arm64@1.31.1:
    resolution: {integrity: sha512-HXJF3x8w9nQ4jbXRiNppBCqeZPIAfUo8zE/kOEGbW5NZvGc/K7nMxbhIr+YlFlHW5mpbg/YFPdbnCh1wAXCKFg==}
    engines: {node: '>= 12.0.0'}
    cpu: [arm64]
    os: [android]

  lightningcss-darwin-arm64@1.31.1:
    resolution: {integrity: sha512-02uTEqf3vIfNMq3h/z2cJfcOXnQ0GRwQrkmPafhueLb2h7mqEidiCzkE4gBMEH65abHRiQvhdcQ+aP0D0g67sg==}
    engines: {node: '>= 12.0.0'}
    cpu: [arm64]
    os: [darwin]

  lightningcss-darwin-x64@1.31.1:
    resolution: {integrity: sha512-1ObhyoCY+tGxtsz1lSx5NXCj3nirk0Y0kB/g8B8DT+sSx4G9djitg9ejFnjb3gJNWo7qXH4DIy2SUHvpoFwfTA==}
    engines: {node: '>= 12.0.0'}
    cpu: [x64]
    os: [darwin]

  lightningcss-freebsd-x64@1.31.1:
    resolution: {integrity: sha512-1RINmQKAItO6ISxYgPwszQE1BrsVU5aB45ho6O42mu96UiZBxEXsuQ7cJW4zs4CEodPUioj/QrXW1r9pLUM74A==}
    engines: {node: '>= 12.0.0'}
    cpu: [x64]
    os: [freebsd]

  lightningcss-linux-arm-gnueabihf@1.31.1:
    resolution: {integrity: sha512-OOCm2//MZJ87CdDK62rZIu+aw9gBv4azMJuA8/KB74wmfS3lnC4yoPHm0uXZ/dvNNHmnZnB8XLAZzObeG0nS1g==}
    engines: {node: '>= 12.0.0'}
    cpu: [arm]
    os: [linux]

  lightningcss-linux-arm64-gnu@1.31.1:
    resolution: {integrity: sha512-WKyLWztD71rTnou4xAD5kQT+982wvca7E6QoLpoawZ1gP9JM0GJj4Tp5jMUh9B3AitHbRZ2/H3W5xQmdEOUlLg==}
    engines: {node: '>= 12.0.0'}
    cpu: [arm64]
    os: [linux]

  lightningcss-linux-arm64-musl@1.31.1:
    resolution: {integrity: sha512-mVZ7Pg2zIbe3XlNbZJdjs86YViQFoJSpc41CbVmKBPiGmC4YrfeOyz65ms2qpAobVd7WQsbW4PdsSJEMymyIMg==}
    engines: {node: '>= 12.0.0'}
    cpu: [arm64]
    os: [linux]

  lightningcss-linux-x64-gnu@1.31.1:
    resolution: {integrity: sha512-xGlFWRMl+0KvUhgySdIaReQdB4FNudfUTARn7q0hh/V67PVGCs3ADFjw+6++kG1RNd0zdGRlEKa+T13/tQjPMA==}
    engines: {node: '>= 12.0.0'}
    cpu: [x64]
    os: [linux]

  lightningcss-linux-x64-musl@1.31.1:
    resolution: {integrity: sha512-eowF8PrKHw9LpoZii5tdZwnBcYDxRw2rRCyvAXLi34iyeYfqCQNA9rmUM0ce62NlPhCvof1+9ivRaTY6pSKDaA==}
    engines: {node: '>= 12.0.0'}
    cpu: [x64]
    os: [linux]

  lightningcss-win32-arm64-msvc@1.31.1:
    resolution: {integrity: sha512-aJReEbSEQzx1uBlQizAOBSjcmr9dCdL3XuC/6HLXAxmtErsj2ICo5yYggg1qOODQMtnjNQv2UHb9NpOuFtYe4w==}
    engines: {node: '>= 12.0.0'}
    cpu: [arm64]
    os: [win32]

  lightningcss-win32-x64-msvc@1.31.1:
    resolution: {integrity: sha512-I9aiFrbd7oYHwlnQDqr1Roz+fTz61oDDJX7n9tYF9FJymH1cIN1DtKw3iYt6b8WZgEjoNwVSncwF4wx/ZedMhw==}
    engines: {node: '>= 12.0.0'}
    cpu: [x64]
    os: [win32]

  lightningcss@1.31.1:
    resolution: {integrity: sha512-l51N2r93WmGUye3WuFoN5k10zyvrVs0qfKBhyC5ogUQ6Ew6JUSswh78mbSO+IU3nTWsyOArqPCcShdQSadghBQ==}
    engines: {node: '>= 12.0.0'}

  lilconfig@3.1.3:
    resolution: {integrity: sha512-/vlFKAoH5Cgt3Ie+JLhRbwOsCQePABiU3tJ1egGvyQ+33R/vcwM2Zl2QR/LzjsBeItPt3oSVXapn+m4nQDvpzw==}
    engines: {node: '>=14'}

  lines-and-columns@1.2.4:
    resolution: {integrity: sha512-7ylylesZQ/PV29jhEDl3Ufjo6ZX7gCqJr5F7PKrqc93v7fzSymt1BpwEU8nAUXs8qzzvqhbjhK5QZg6Mt/HkBg==}

  lodash.memoize@4.1.2:
    resolution: {integrity: sha512-t7j+NzmgnQzTAYXcsHYLgimltOV1MXHtlOWf6GjL9Kj8GK5FInw5JotxvbOs+IvV1/Dzo04/fCGfLVs7aXb4Ag==}

  lodash.uniq@4.5.0:
    resolution: {integrity: sha512-xfBaXQd9ryd9dlSDvnvI0lvxfLJlYAZzXomUYzLKtUeOQvOP5piqAWuGtrhWeqaXK9hhoM/iyJc5AV+XfsX3HQ==}

  lower-case@2.0.2:
    resolution: {integrity: sha512-7fm3l3NAF9WfN6W3JOmf5drwpVqX78JtoGJ3A6W0a6ZnldM41w2fV5D490psKFTpMds8TJse/eHLFFsNHHjHgg==}

  mdn-data@2.0.28:
    resolution: {integrity: sha512-aylIc7Z9y4yzHYAJNuESG3hfhC+0Ibp/MAMiaOZgNv4pmEdFyfZhhhny4MNiAfWdBQ1RQ2mfDWmM1x8SvGyp8g==}

  mdn-data@2.12.2:
    resolution: {integrity: sha512-IEn+pegP1aManZuckezWCO+XZQDplx1366JoVhTpMpBB1sPey/SbveZQUosKiKiGYjg1wH4pMlNgXbCiYgihQA==}

  nanoid@3.3.11:
    resolution: {integrity: sha512-N8SpfPUnUp1bK+PMYW8qSWdl9U+wwNWI4QKxOYDy9JAro3WMX7p2OeVRF9v+347pnakNevPmiHhNmZ2HbFA76w==}
    engines: {node: ^10 || ^12 || ^13.7 || ^14 || >=15.0.1}
    hasBin: true

  no-case@3.0.4:
    resolution: {integrity: sha512-fgAN3jGAh+RoxUGZHTSOLJIqUc2wmoBwGR4tbpNAKmmovFoWq0OdRkb0VkldReO2a2iBT/OEulG9XSUc10r3zg==}

  node-releases@2.0.27:
    resolution: {integrity: sha512-nmh3lCkYZ3grZvqcCH+fjmQ7X+H0OeZgP40OierEaAptX4XofMh5kwNbWh7lBduUzCcV/8kZ+NDLCwm2iorIlA==}

  nth-check@2.1.1:
    resolution: {integrity: sha512-lqjrjmaOoAnWfMmBPL+XNnynZh2+swxiX3WUE0s4yEHI6m+AwrK2UZOimIRl3X/4QctVqS8AiZjFqyOGrMXb/w==}

  param-case@3.0.4:
    resolution: {integrity: sha512-RXlj7zCYokReqWpOPH9oYivUzLYZ5vAPIfEmCTNViosC78F8F0H9y7T7gG2M39ymgutxF5gcFEsyZQSph9Bp3A==}

  parent-module@1.0.1:
    resolution: {integrity: sha512-GQ2EWRpQV8/o+Aw8YqtfZZPfNRWZYkbidE9k5rpl/hC3vtHHBfGm2Ifi6qWV+coDGkrUKZAxE3Lot5kcsRlh+g==}
    engines: {node: '>=6'}

  parse-json@5.2.0:
    resolution: {integrity: sha512-ayCKvm/phCGxOkYRSCM82iDwct8/EonSEgCSxWxD7ve6jHggsFl4fZVQBPRNgQoKiuV/odhFrGzQXZwbifC8Rg==}
    engines: {node: '>=8'}

  pascal-case@3.1.2:
    resolution: {integrity: sha512-uWlGT3YSnK9x3BQJaOdcZwrnV6hPpd8jFH1/ucpiLRPh/2zCVJKS19E4GvYHvaCcACn3foXZ0cLB9Wrx1KGe5g==}

  picocolors@1.1.1:
    resolution: {integrity: sha512-xceH2snhtb5M9liqDsmEw56le376mTZkEX/jEb/RxNFyegNul7eNslCXP9FDj/Lcu0X8KEyMceP2ntpaHrDEVA==}

  postcss-calc@10.1.1:
    resolution: {integrity: sha512-NYEsLHh8DgG/PRH2+G9BTuUdtf9ViS+vdoQ0YA5OQdGsfN4ztiwtDWNtBl9EKeqNMFnIu8IKZ0cLxEQ5r5KVMw==}
    engines: {node: ^18.12 || ^20.9 || >=22.0}
    peerDependencies:
      postcss: ^8.4.38

  postcss-colormin@7.0.5:
    resolution: {integrity: sha512-ekIBP/nwzRWhEMmIxHHbXHcMdzd1HIUzBECaj5KEdLz9DVP2HzT065sEhvOx1dkLjYW7jyD0CngThx6bpFi2fA==}
    engines: {node: ^18.12.0 || ^20.9.0 || >=22.0}
    peerDependencies:
      postcss: ^8.4.32

  postcss-convert-values@7.0.8:
    resolution: {integrity: sha512-+XNKuPfkHTCEo499VzLMYn94TiL3r9YqRE3Ty+jP7UX4qjewUONey1t7CG21lrlTLN07GtGM8MqFVp86D4uKJg==}
    engines: {node: ^18.12.0 || ^20.9.0 || >=22.0}
    peerDependencies:
      postcss: ^8.4.32

  postcss-discard-comments@7.0.5:
    resolution: {integrity: sha512-IR2Eja8WfYgN5n32vEGSctVQ1+JARfu4UH8M7bgGh1bC+xI/obsPJXaBpQF7MAByvgwZinhpHpdrmXtvVVlKcQ==}
    engines: {node: ^18.12.0 || ^20.9.0 || >=22.0}
    peerDependencies:
      postcss: ^8.4.32

  postcss-discard-duplicates@7.0.2:
    resolution: {integrity: sha512-eTonaQvPZ/3i1ASDHOKkYwAybiM45zFIc7KXils4mQmHLqIswXD9XNOKEVxtTFnsmwYzF66u4LMgSr0abDlh5w==}
    engines: {node: ^18.12.0 || ^20.9.0 || >=22.0}
    peerDependencies:
      postcss: ^8.4.32

  postcss-discard-empty@7.0.1:
    resolution: {integrity: sha512-cFrJKZvcg/uxB6Ijr4l6qmn3pXQBna9zyrPC+sK0zjbkDUZew+6xDltSF7OeB7rAtzaaMVYSdbod+sZOCWnMOg==}
    engines: {node: ^18.12.0 || ^20.9.0 || >=22.0}
    peerDependencies:
      postcss: ^8.4.32

  postcss-discard-overridden@7.0.1:
    resolution: {integrity: sha512-7c3MMjjSZ/qYrx3uc1940GSOzN1Iqjtlqe8uoSg+qdVPYyRb0TILSqqmtlSFuE4mTDECwsm397Ya7iXGzfF7lg==}
    engines: {node: ^18.12.0 || ^20.9.0 || >=22.0}
    peerDependencies:
      postcss: ^8.4.32

  postcss-merge-longhand@7.0.5:
    resolution: {integrity: sha512-Kpu5v4Ys6QI59FxmxtNB/iHUVDn9Y9sYw66D6+SZoIk4QTz1prC4aYkhIESu+ieG1iylod1f8MILMs1Em3mmIw==}
    engines: {node: ^18.12.0 || ^20.9.0 || >=22.0}
    peerDependencies:
      postcss: ^8.4.32

  postcss-merge-rules@7.0.7:
    resolution: {integrity: sha512-njWJrd/Ms6XViwowaaCc+/vqhPG3SmXn725AGrnl+BgTuRPEacjiLEaGq16J6XirMJbtKkTwnt67SS+e2WGoew==}
    engines: {node: ^18.12.0 || ^20.9.0 || >=22.0}
    peerDependencies:
      postcss: ^8.4.32

  postcss-minify-font-values@7.0.1:
    resolution: {integrity: sha512-2m1uiuJeTplll+tq4ENOQSzB8LRnSUChBv7oSyFLsJRtUgAAJGP6LLz0/8lkinTgxrmJSPOEhgY1bMXOQ4ZXhQ==}
    engines: {node: ^18.12.0 || ^20.9.0 || >=22.0}
    peerDependencies:
      postcss: ^8.4.32

  postcss-minify-gradients@7.0.1:
    resolution: {integrity: sha512-X9JjaysZJwlqNkJbUDgOclyG3jZEpAMOfof6PUZjPnPrePnPG62pS17CjdM32uT1Uq1jFvNSff9l7kNbmMSL2A==}
    engines: {node: ^18.12.0 || ^20.9.0 || >=22.0}
    peerDependencies:
      postcss: ^8.4.32

  postcss-minify-params@7.0.5:
    resolution: {integrity: sha512-FGK9ky02h6Ighn3UihsyeAH5XmLEE2MSGH5Tc4tXMFtEDx7B+zTG6hD/+/cT+fbF7PbYojsmmWjyTwFwW1JKQQ==}
    engines: {node: ^18.12.0 || ^20.9.0 || >=22.0}
    peerDependencies:
      postcss: ^8.4.32

  postcss-minify-selectors@7.0.5:
    resolution: {integrity: sha512-x2/IvofHcdIrAm9Q+p06ZD1h6FPcQ32WtCRVodJLDR+WMn8EVHI1kvLxZuGKz/9EY5nAmI6lIQIrpo4tBy5+ug==}
    engines: {node: ^18.12.0 || ^20.9.0 || >=22.0}
    peerDependencies:
      postcss: ^8.4.32

  postcss-normalize-charset@7.0.1:
    resolution: {integrity: sha512-sn413ofhSQHlZFae//m9FTOfkmiZ+YQXsbosqOWRiVQncU2BA3daX3n0VF3cG6rGLSFVc5Di/yns0dFfh8NFgQ==}
    engines: {node: ^18.12.0 || ^20.9.0 || >=22.0}
    peerDependencies:
      postcss: ^8.4.32

  postcss-normalize-display-values@7.0.1:
    resolution: {integrity: sha512-E5nnB26XjSYz/mGITm6JgiDpAbVuAkzXwLzRZtts19jHDUBFxZ0BkXAehy0uimrOjYJbocby4FVswA/5noOxrQ==}
    engines: {node: ^18.12.0 || ^20.9.0 || >=22.0}
    peerDependencies:
      postcss: ^8.4.32

  postcss-normalize-positions@7.0.1:
    resolution: {integrity: sha512-pB/SzrIP2l50ZIYu+yQZyMNmnAcwyYb9R1fVWPRxm4zcUFCY2ign7rcntGFuMXDdd9L2pPNUgoODDk91PzRZuQ==}
    engines: {node: ^18.12.0 || ^20.9.0 || >=22.0}
    peerDependencies:
      postcss: ^8.4.32

  postcss-normalize-repeat-style@7.0.1:
    resolution: {integrity: sha512-NsSQJ8zj8TIDiF0ig44Byo3Jk9e4gNt9x2VIlJudnQQ5DhWAHJPF4Tr1ITwyHio2BUi/I6Iv0HRO7beHYOloYQ==}
    engines: {node: ^18.12.0 || ^20.9.0 || >=22.0}
    peerDependencies:
      postcss: ^8.4.32

  postcss-normalize-string@7.0.1:
    resolution: {integrity: sha512-QByrI7hAhsoze992kpbMlJSbZ8FuCEc1OT9EFbZ6HldXNpsdpZr+YXC5di3UEv0+jeZlHbZcoCADgb7a+lPmmQ==}
    engines: {node: ^18.12.0 || ^20.9.0 || >=22.0}
    peerDependencies:
      postcss: ^8.4.32

  postcss-normalize-timing-functions@7.0.1:
    resolution: {integrity: sha512-bHifyuuSNdKKsnNJ0s8fmfLMlvsQwYVxIoUBnowIVl2ZAdrkYQNGVB4RxjfpvkMjipqvbz0u7feBZybkl/6NJg==}
    engines: {node: ^18.12.0 || ^20.9.0 || >=22.0}
    peerDependencies:
      postcss: ^8.4.32

  postcss-normalize-unicode@7.0.5:
    resolution: {integrity: sha512-X6BBwiRxVaFHrb2WyBMddIeB5HBjJcAaUHyhLrM2FsxSq5TFqcHSsK7Zu1otag+o0ZphQGJewGH1tAyrD0zX1Q==}
    engines: {node: ^18.12.0 || ^20.9.0 || >=22.0}
    peerDependencies:
      postcss: ^8.4.32

  postcss-normalize-url@7.0.1:
    resolution: {integrity: sha512-sUcD2cWtyK1AOL/82Fwy1aIVm/wwj5SdZkgZ3QiUzSzQQofrbq15jWJ3BA7Z+yVRwamCjJgZJN0I9IS7c6tgeQ==}
    engines: {node: ^18.12.0 || ^20.9.0 || >=22.0}
    peerDependencies:
      postcss: ^8.4.32

  postcss-normalize-whitespace@7.0.1:
    resolution: {integrity: sha512-vsbgFHMFQrJBJKrUFJNZ2pgBeBkC2IvvoHjz1to0/0Xk7sII24T0qFOiJzG6Fu3zJoq/0yI4rKWi7WhApW+EFA==}
    engines: {node: ^18.12.0 || ^20.9.0 || >=22.0}
    peerDependencies:
      postcss: ^8.4.32

  postcss-ordered-values@7.0.2:
    resolution: {integrity: sha512-AMJjt1ECBffF7CEON/Y0rekRLS6KsePU6PRP08UqYW4UGFRnTXNrByUzYK1h8AC7UWTZdQ9O3Oq9kFIhm0SFEw==}
    engines: {node: ^18.12.0 || ^20.9.0 || >=22.0}
    peerDependencies:
      postcss: ^8.4.32

  postcss-reduce-initial@7.0.5:
    resolution: {integrity: sha512-RHagHLidG8hTZcnr4FpyMB2jtgd/OcyAazjMhoy5qmWJOx1uxKh4ntk0Pb46ajKM0rkf32lRH4C8c9qQiPR6IA==}
    engines: {node: ^18.12.0 || ^20.9.0 || >=22.0}
    peerDependencies:
      postcss: ^8.4.32

  postcss-reduce-transforms@7.0.1:
    resolution: {integrity: sha512-MhyEbfrm+Mlp/36hvZ9mT9DaO7dbncU0CvWI8V93LRkY6IYlu38OPg3FObnuKTUxJ4qA8HpurdQOo5CyqqO76g==}
    engines: {node: ^18.12.0 || ^20.9.0 || >=22.0}
    peerDependencies:
      postcss: ^8.4.32

  postcss-selector-parser@7.1.1:
    resolution: {integrity: sha512-orRsuYpJVw8LdAwqqLykBj9ecS5/cRHlI5+nvTo8LcCKmzDmqVORXtOIYEEQuL9D4BxtA1lm5isAqzQZCoQ6Eg==}
    engines: {node: '>=4'}

  postcss-svgo@7.1.0:
    resolution: {integrity: sha512-KnAlfmhtoLz6IuU3Sij2ycusNs4jPW+QoFE5kuuUOK8awR6tMxZQrs5Ey3BUz7nFCzT3eqyFgqkyrHiaU2xx3w==}
    engines: {node: ^18.12.0 || ^20.9.0 || >= 18}
    peerDependencies:
      postcss: ^8.4.32

  postcss-unique-selectors@7.0.4:
    resolution: {integrity: sha512-pmlZjsmEAG7cHd7uK3ZiNSW6otSZ13RHuZ/4cDN/bVglS5EpF2r2oxY99SuOHa8m7AWoBCelTS3JPpzsIs8skQ==}
    engines: {node: ^18.12.0 || ^20.9.0 || >=22.0}
    peerDependencies:
      postcss: ^8.4.32

  postcss-value-parser@4.2.0:
    resolution: {integrity: sha512-1NNCs6uurfkVbeXG4S8JFT9t19m45ICnif8zWLd5oPSZ50QnwMfK+H3jv408d4jw/7Bttv5axS5IiHoLaVNHeQ==}

  postcss@8.5.6:
    resolution: {integrity: sha512-3Ybi1tAuwAP9s0r1UQ2J4n5Y0G05bJkpUIO0/bI9MhwmD70S5aTWbXGBwxHrelT+XM1k6dM0pk+SwNkpTRN7Pg==}
    engines: {node: ^10 || ^12 || >=14}

  posthtml-parser@0.11.0:
    resolution: {integrity: sha512-QecJtfLekJbWVo/dMAA+OSwY79wpRmbqS5TeXvXSX+f0c6pW4/SE6inzZ2qkU7oAMCPqIDkZDvd/bQsSFUnKyw==}
    engines: {node: '>=12'}

  posthtml-render@3.0.0:
    resolution: {integrity: sha512-z+16RoxK3fUPgwaIgH9NGnK1HKY9XIDpydky5eQGgAFVXTCSezalv9U2jQuNV+Z9qV1fDWNzldcw4eK0SSbqKA==}
    engines: {node: '>=12'}

  posthtml@0.16.7:
    resolution: {integrity: sha512-7Hc+IvlQ7hlaIfQFZnxlRl0jnpWq2qwibORBhQYIb0QbNtuicc5ZxvKkVT71HJ4Py1wSZ/3VR1r8LfkCtoCzhw==}
    engines: {node: '>=12.0.0'}

  relateurl@0.2.7:
    resolution: {integrity: sha512-G08Dxvm4iDN3MLM0EsP62EDV9IuhXPR6blNz6Utcp7zyV3tr4HVNINt6MpaRWbxoOHT3Q7YN2P+jaHX8vUbgog==}
    engines: {node: '>= 0.10'}

  resolve-from@4.0.0:
    resolution: {integrity: sha512-pb/MYmXstAkysRFx8piNI1tGFNQIFA3vkE3Gq4EuA1dF6gHp/+vgZqsCGJapvy8N3Q+4o7FwvquPJcnZ7RYy4g==}
    engines: {node: '>=4'}

  sax@1.4.4:
    resolution: {integrity: sha512-1n3r/tGXO6b6VXMdFT54SHzT9ytu9yr7TaELowdYpMqY/Ao7EnlQGmAQ1+RatX7Tkkdm6hONI2owqNx2aZj5Sw==}
    engines: {node: '>=11.0.0'}

  source-map-js@1.2.1:
    resolution: {integrity: sha512-UXWMKhLOwVKb728IUtQPXxfYU+usdybtUrK/8uGE8CQMvrhOpwvzDBwj0QhSL7MQc7vIsISBG8VQ8+IDQxpfQA==}
    engines: {node: '>=0.10.0'}

  source-map-support@0.5.21:
    resolution: {integrity: sha512-uBHU3L3czsIyYXKX88fdrGovxdSCoTGDRZ6SYXtSRxLZUzHg5P/66Ht6uoUlHu9EZod+inXhKo3qQgwXUT/y1w==}

  source-map@0.6.1:
    resolution: {integrity: sha512-UjgapumWlbMhkBgzT7Ykc5YXUT46F0iKu8SGXq0bcwP5dz/h0Plj6enJqjz1Zbq2l5WaqYnrVbwWOWMyF3F47g==}
    engines: {node: '>=0.10.0'}

  stylehacks@7.0.7:
    resolution: {integrity: sha512-bJkD0JkEtbRrMFtwgpJyBbFIwfDDONQ1Ov3sDLZQP8HuJ73kBOyx66H4bOcAbVWmnfLdvQ0AJwXxOMkpujcO6g==}
    engines: {node: ^18.12.0 || ^20.9.0 || >=22.0}
    peerDependencies:
      postcss: ^8.4.32

  svgo@4.0.0:
    resolution: {integrity: sha512-VvrHQ+9uniE+Mvx3+C9IEe/lWasXCU0nXMY2kZeLrHNICuRiC8uMPyM14UEaMOFA5mhyQqEkB02VoQ16n3DLaw==}
    engines: {node: '>=16'}
    hasBin: true

  terser@5.46.0:
    resolution: {integrity: sha512-jTwoImyr/QbOWFFso3YoU3ik0jBBDJ6JTOQiy/J2YxVJdZCc+5u7skhNwiOR3FQIygFqVUPHl7qbbxtjW2K3Qg==}
    engines: {node: '>=10'}
    hasBin: true

  tslib@2.8.1:
    resolution: {integrity: sha512-oJFu94HQb+KVduSUQL7wnpmqnfmLsOA/nAh6b6EH0wCEoK0/mPeXU6c3wKDV83MkOuHPRHtSXKKU99IBazS/2w==}

  update-browserslist-db@1.2.3:
    resolution: {integrity: sha512-Js0m9cx+qOgDxo0eMiFGEueWztz+d4+M3rGlmKPT+T4IS/jP4ylw3Nwpu6cpTTP8R1MAC1kF4VbdLt3ARf209w==}
    hasBin: true
    peerDependencies:
      browserslist: '>= 4.21.0'

  util-deprecate@1.0.2:
    resolution: {integrity: sha512-EPD5q1uXyFxJpCrLnCc1nHnq3gOa6DZBocAIiI2TaSCA7VCJ1UJDMagCzIkXNsUYfD1daK//LTEQ8xiIbrHtcw==}

snapshots:

  '@babel/code-frame@7.29.0':
    dependencies:
      '@babel/helper-validator-identifier': 7.28.5
      js-tokens: 4.0.0
      picocolors: 1.1.1

  '@babel/helper-validator-identifier@7.28.5': {}

  '@jridgewell/gen-mapping@0.3.13':
    dependencies:
      '@jridgewell/sourcemap-codec': 1.5.5
      '@jridgewell/trace-mapping': 0.3.31

  '@jridgewell/resolve-uri@3.1.2': {}

  '@jridgewell/source-map@0.3.11':
    dependencies:
      '@jridgewell/gen-mapping': 0.3.13
      '@jridgewell/trace-mapping': 0.3.31

  '@jridgewell/sourcemap-codec@1.5.5': {}

  '@jridgewell/trace-mapping@0.3.31':
    dependencies:
      '@jridgewell/resolve-uri': 3.1.2
      '@jridgewell/sourcemap-codec': 1.5.5

  '@minify-html/node-darwin-arm64@0.18.1':
    optional: true

  '@minify-html/node-darwin-x64@0.18.1':
    optional: true

  '@minify-html/node-linux-arm64@0.18.1':
    optional: true

  '@minify-html/node-linux-x64@0.18.1':
    optional: true

  '@minify-html/node-win32-x64@0.18.1':
    optional: true

  '@minify-html/node@0.18.1':
    optionalDependencies:
      '@minify-html/node-darwin-arm64': 0.18.1
      '@minify-html/node-darwin-x64': 0.18.1
      '@minify-html/node-linux-arm64': 0.18.1
      '@minify-html/node-linux-x64': 0.18.1
      '@minify-html/node-win32-x64': 0.18.1

  '@swc/counter@0.1.3': {}

  '@swc/html-darwin-arm64@1.15.11':
    optional: true

  '@swc/html-darwin-x64@1.15.11':
    optional: true

  '@swc/html-linux-arm-gnueabihf@1.15.11':
    optional: true

  '@swc/html-linux-arm64-gnu@1.15.11':
    optional: true

  '@swc/html-linux-arm64-musl@1.15.11':
    optional: true

  '@swc/html-linux-x64-gnu@1.15.11':
    optional: true

  '@swc/html-linux-x64-musl@1.15.11':
    optional: true

  '@swc/html-win32-arm64-msvc@1.15.11':
    optional: true

  '@swc/html-win32-ia32-msvc@1.15.11':
    optional: true

  '@swc/html-win32-x64-msvc@1.15.11':
    optional: true

  '@swc/html@1.15.11':
    dependencies:
      '@swc/counter': 0.1.3
    optionalDependencies:
      '@swc/html-darwin-arm64': 1.15.11
      '@swc/html-darwin-x64': 1.15.11
      '@swc/html-linux-arm-gnueabihf': 1.15.11
      '@swc/html-linux-arm64-gnu': 1.15.11
      '@swc/html-linux-arm64-musl': 1.15.11
      '@swc/html-linux-x64-gnu': 1.15.11
      '@swc/html-linux-x64-musl': 1.15.11
      '@swc/html-win32-arm64-msvc': 1.15.11
      '@swc/html-win32-ia32-msvc': 1.15.11
      '@swc/html-win32-x64-msvc': 1.15.11

  '@types/relateurl@0.2.33': {}

  acorn@8.15.0: {}

  argparse@2.0.1: {}

  baseline-browser-mapping@2.9.19: {}

  boolbase@1.0.0: {}

  browserslist@4.28.1:
    dependencies:
      baseline-browser-mapping: 2.9.19
      caniuse-lite: 1.0.30001768
      electron-to-chromium: 1.5.286
      node-releases: 2.0.27
      update-browserslist-db: 1.2.3(browserslist@4.28.1)

  buffer-from@1.1.2: {}

  callsites@3.1.0: {}

  camel-case@4.1.2:
    dependencies:
      pascal-case: 3.1.2
      tslib: 2.8.1

  caniuse-api@3.0.0:
    dependencies:
      browserslist: 4.28.1
      caniuse-lite: 1.0.30001768
      lodash.memoize: 4.1.2
      lodash.uniq: 4.5.0

  caniuse-lite@1.0.30001768: {}

  clean-css@5.3.3:
    dependencies:
      source-map: 0.6.1

  colord@2.9.3: {}

  commander@10.0.1: {}

  commander@11.1.0: {}

  commander@14.0.3: {}

  commander@2.20.3: {}

  cosmiconfig@9.0.0:
    dependencies:
      env-paths: 2.2.1
      import-fresh: 3.3.1
      js-yaml: 4.1.1
      parse-json: 5.2.0

  css-declaration-sorter@7.3.1(postcss@8.5.6):
    dependencies:
      postcss: 8.5.6

  css-select@5.2.2:
    dependencies:
      boolbase: 1.0.0
      css-what: 6.2.2
      domhandler: 5.0.3
      domutils: 3.2.2
      nth-check: 2.1.1

  css-tree@2.2.1:
    dependencies:
      mdn-data: 2.0.28
      source-map-js: 1.2.1

  css-tree@3.1.0:
    dependencies:
      mdn-data: 2.12.2
      source-map-js: 1.2.1

  css-what@6.2.2: {}

  cssesc@3.0.0: {}

  cssnano-preset-default@7.0.10(postcss@8.5.6):
    dependencies:
      browserslist: 4.28.1
      css-declaration-sorter: 7.3.1(postcss@8.5.6)
      cssnano-utils: 5.0.1(postcss@8.5.6)
      postcss: 8.5.6
      postcss-calc: 10.1.1(postcss@8.5.6)
      postcss-colormin: 7.0.5(postcss@8.5.6)
      postcss-convert-values: 7.0.8(postcss@8.5.6)
      postcss-discard-comments: 7.0.5(postcss@8.5.6)
      postcss-discard-duplicates: 7.0.2(postcss@8.5.6)
      postcss-discard-empty: 7.0.1(postcss@8.5.6)
      postcss-discard-overridden: 7.0.1(postcss@8.5.6)
      postcss-merge-longhand: 7.0.5(postcss@8.5.6)
      postcss-merge-rules: 7.0.7(postcss@8.5.6)
      postcss-minify-font-values: 7.0.1(postcss@8.5.6)
      postcss-minify-gradients: 7.0.1(postcss@8.5.6)
      postcss-minify-params: 7.0.5(postcss@8.5.6)
      postcss-minify-selectors: 7.0.5(postcss@8.5.6)
      postcss-normalize-charset: 7.0.1(postcss@8.5.6)
      postcss-normalize-display-values: 7.0.1(postcss@8.5.6)
      postcss-normalize-positions: 7.0.1(postcss@8.5.6)
      postcss-normalize-repeat-style: 7.0.1(postcss@8.5.6)
      postcss-normalize-string: 7.0.1(postcss@8.5.6)
      postcss-normalize-timing-functions: 7.0.1(postcss@8.5.6)
      postcss-normalize-unicode: 7.0.5(postcss@8.5.6)
      postcss-normalize-url: 7.0.1(postcss@8.5.6)
      postcss-normalize-whitespace: 7.0.1(postcss@8.5.6)
      postcss-ordered-values: 7.0.2(postcss@8.5.6)
      postcss-reduce-initial: 7.0.5(postcss@8.5.6)
      postcss-reduce-transforms: 7.0.1(postcss@8.5.6)
      postcss-svgo: 7.1.0(postcss@8.5.6)
      postcss-unique-selectors: 7.0.4(postcss@8.5.6)

  cssnano-utils@5.0.1(postcss@8.5.6):
    dependencies:
      postcss: 8.5.6

  cssnano@7.1.2(postcss@8.5.6):
    dependencies:
      cssnano-preset-default: 7.0.10(postcss@8.5.6)
      lilconfig: 3.1.3
      postcss: 8.5.6

  csso@5.0.5:
    dependencies:
      css-tree: 2.2.1

  detect-libc@2.1.2: {}

  dom-serializer@1.4.1:
    dependencies:
      domelementtype: 2.3.0
      domhandler: 4.3.1
      entities: 2.2.0

  dom-serializer@2.0.0:
    dependencies:
      domelementtype: 2.3.0
      domhandler: 5.0.3
      entities: 4.5.0

  domelementtype@2.3.0: {}

  domhandler@4.3.1:
    dependencies:
      domelementtype: 2.3.0

  domhandler@5.0.3:
    dependencies:
      domelementtype: 2.3.0

  domutils@2.8.0:
    dependencies:
      dom-serializer: 1.4.1
      domelementtype: 2.3.0
      domhandler: 4.3.1

  domutils@3.2.2:
    dependencies:
      dom-serializer: 2.0.0
      domelementtype: 2.3.0
      domhandler: 5.0.3

  dot-case@3.0.4:
    dependencies:
      no-case: 3.0.4
      tslib: 2.8.1

  electron-to-chromium@1.5.286: {}

  entities@2.2.0: {}

  entities@3.0.1: {}

  entities@4.5.0: {}

  entities@7.0.1: {}

  env-paths@2.2.1: {}

  error-ex@1.3.4:
    dependencies:
      is-arrayish: 0.2.1

  escalade@3.2.0: {}

  html-minifier-next@5.0.3:
    dependencies:
      commander: 14.0.3
      entities: 7.0.1
      lightningcss: 1.31.1
      terser: 5.46.0

  html-minifier-terser@7.2.0:
    dependencies:
      camel-case: 4.1.2
      clean-css: 5.3.3
      commander: 10.0.1
      entities: 4.5.0
      param-case: 3.0.4
      relateurl: 0.2.7
      terser: 5.46.0

  htmlnano@3.1.0(cssnano@7.1.2(postcss@8.5.6))(postcss@8.5.6)(relateurl@0.2.7)(svgo@4.0.0)(terser@5.46.0):
    dependencies:
      '@types/relateurl': 0.2.33
      commander: 14.0.3
      cosmiconfig: 9.0.0
      posthtml: 0.16.7
    optionalDependencies:
      cssnano: 7.1.2(postcss@8.5.6)
      postcss: 8.5.6
      relateurl: 0.2.7
      svgo: 4.0.0
      terser: 5.46.0
    transitivePeerDependencies:
      - typescript

  htmlparser2@7.2.0:
    dependencies:
      domelementtype: 2.3.0
      domhandler: 4.3.1
      domutils: 2.8.0
      entities: 3.0.1

  import-fresh@3.3.1:
    dependencies:
      parent-module: 1.0.1
      resolve-from: 4.0.0

  is-arrayish@0.2.1: {}

  is-json@2.0.1: {}

  js-tokens@4.0.0: {}

  js-yaml@4.1.1:
    dependencies:
      argparse: 2.0.1

  json-parse-even-better-errors@2.3.1: {}

  lightningcss-android-arm64@1.31.1:
    optional: true

  lightningcss-darwin-arm64@1.31.1:
    optional: true

  lightningcss-darwin-x64@1.31.1:
    optional: true

  lightningcss-freebsd-x64@1.31.1:
    optional: true

  lightningcss-linux-arm-gnueabihf@1.31.1:
    optional: true

  lightningcss-linux-arm64-gnu@1.31.1:
    optional: true

  lightningcss-linux-arm64-musl@1.31.1:
    optional: true

  lightningcss-linux-x64-gnu@1.31.1:
    optional: true

  lightningcss-linux-x64-musl@1.31.1:
    optional: true

  lightningcss-win32-arm64-msvc@1.31.1:
    optional: true

  lightningcss-win32-x64-msvc@1.31.1:
    optional: true

  lightningcss@1.31.1:
    dependencies:
      detect-libc: 2.1.2
    optionalDependencies:
      lightningcss-android-arm64: 1.31.1
      lightningcss-darwin-arm64: 1.31.1
      lightningcss-darwin-x64: 1.31.1
      lightningcss-freebsd-x64: 1.31.1
      lightningcss-linux-arm-gnueabihf: 1.31.1
      lightningcss-linux-arm64-gnu: 1.31.1
      lightningcss-linux-arm64-musl: 1.31.1
      lightningcss-linux-x64-gnu: 1.31.1
      lightningcss-linux-x64-musl: 1.31.1
      lightningcss-win32-arm64-msvc: 1.31.1
      lightningcss-win32-x64-msvc: 1.31.1

  lilconfig@3.1.3: {}

  lines-and-columns@1.2.4: {}

  lodash.memoize@4.1.2: {}

  lodash.uniq@4.5.0: {}

  lower-case@2.0.2:
    dependencies:
      tslib: 2.8.1

  mdn-data@2.0.28: {}

  mdn-data@2.12.2: {}

  nanoid@3.3.11: {}

  no-case@3.0.4:
    dependencies:
      lower-case: 2.0.2
      tslib: 2.8.1

  node-releases@2.0.27: {}

  nth-check@2.1.1:
    dependencies:
      boolbase: 1.0.0

  param-case@3.0.4:
    dependencies:
      dot-case: 3.0.4
      tslib: 2.8.1

  parent-module@1.0.1:
    dependencies:
      callsites: 3.1.0

  parse-json@5.2.0:
    dependencies:
      '@babel/code-frame': 7.29.0
      error-ex: 1.3.4
      json-parse-even-better-errors: 2.3.1
      lines-and-columns: 1.2.4

  pascal-case@3.1.2:
    dependencies:
      no-case: 3.0.4
      tslib: 2.8.1

  picocolors@1.1.1: {}

  postcss-calc@10.1.1(postcss@8.5.6):
    dependencies:
      postcss: 8.5.6
      postcss-selector-parser: 7.1.1
      postcss-value-parser: 4.2.0

  postcss-colormin@7.0.5(postcss@8.5.6):
    dependencies:
      browserslist: 4.28.1
      caniuse-api: 3.0.0
      colord: 2.9.3
      postcss: 8.5.6
      postcss-value-parser: 4.2.0

  postcss-convert-values@7.0.8(postcss@8.5.6):
    dependencies:
      browserslist: 4.28.1
      postcss: 8.5.6
      postcss-value-parser: 4.2.0

  postcss-discard-comments@7.0.5(postcss@8.5.6):
    dependencies:
      postcss: 8.5.6
      postcss-selector-parser: 7.1.1

  postcss-discard-duplicates@7.0.2(postcss@8.5.6):
    dependencies:
      postcss: 8.5.6

  postcss-discard-empty@7.0.1(postcss@8.5.6):
    dependencies:
      postcss: 8.5.6

  postcss-discard-overridden@7.0.1(postcss@8.5.6):
    dependencies:
      postcss: 8.5.6

  postcss-merge-longhand@7.0.5(postcss@8.5.6):
    dependencies:
      postcss: 8.5.6
      postcss-value-parser: 4.2.0
      stylehacks: 7.0.7(postcss@8.5.6)

  postcss-merge-rules@7.0.7(postcss@8.5.6):
    dependencies:
      browserslist: 4.28.1
      caniuse-api: 3.0.0
      cssnano-utils: 5.0.1(postcss@8.5.6)
      postcss: 8.5.6
      postcss-selector-parser: 7.1.1

  postcss-minify-font-values@7.0.1(postcss@8.5.6):
    dependencies:
      postcss: 8.5.6
      postcss-value-parser: 4.2.0

  postcss-minify-gradients@7.0.1(postcss@8.5.6):
    dependencies:
      colord: 2.9.3
      cssnano-utils: 5.0.1(postcss@8.5.6)
      postcss: 8.5.6
      postcss-value-parser: 4.2.0

  postcss-minify-params@7.0.5(postcss@8.5.6):
    dependencies:
      browserslist: 4.28.1
      cssnano-utils: 5.0.1(postcss@8.5.6)
      postcss: 8.5.6
      postcss-value-parser: 4.2.0

  postcss-minify-selectors@7.0.5(postcss@8.5.6):
    dependencies:
      cssesc: 3.0.0
      postcss: 8.5.6
      postcss-selector-parser: 7.1.1

  postcss-normalize-charset@7.0.1(postcss@8.5.6):
    dependencies:
      postcss: 8.5.6

  postcss-normalize-display-values@7.0.1(postcss@8.5.6):
    dependencies:
      postcss: 8.5.6
      postcss-value-parser: 4.2.0

  postcss-normalize-positions@7.0.1(postcss@8.5.6):
    dependencies:
      postcss: 8.5.6
      postcss-value-parser: 4.2.0

  postcss-normalize-repeat-style@7.0.1(postcss@8.5.6):
    dependencies:
      postcss: 8.5.6
      postcss-value-parser: 4.2.0

  postcss-normalize-string@7.0.1(postcss@8.5.6):
    dependencies:
      postcss: 8.5.6
      postcss-value-parser: 4.2.0

  postcss-normalize-timing-functions@7.0.1(postcss@8.5.6):
    dependencies:
      postcss: 8.5.6
      postcss-value-parser: 4.2.0

  postcss-normalize-unicode@7.0.5(postcss@8.5.6):
    dependencies:
      browserslist: 4.28.1
      postcss: 8.5.6
      postcss-value-parser: 4.2.0

  postcss-normalize-url@7.0.1(postcss@8.5.6):
    dependencies:
      postcss: 8.5.6
      postcss-value-parser: 4.2.0

  postcss-normalize-whitespace@7.0.1(postcss@8.5.6):
    dependencies:
      postcss: 8.5.6
      postcss-value-parser: 4.2.0

  postcss-ordered-values@7.0.2(postcss@8.5.6):
    dependencies:
      cssnano-utils: 5.0.1(postcss@8.5.6)
      postcss: 8.5.6
      postcss-value-parser: 4.2.0

  postcss-reduce-initial@7.0.5(postcss@8.5.6):
    dependencies:
      browserslist: 4.28.1
      caniuse-api: 3.0.0
      postcss: 8.5.6

  postcss-reduce-transforms@7.0.1(postcss@8.5.6):
    dependencies:
      postcss: 8.5.6
      postcss-value-parser: 4.2.0

  postcss-selector-parser@7.1.1:
    dependencies:
      cssesc: 3.0.0
      util-deprecate: 1.0.2

  postcss-svgo@7.1.0(postcss@8.5.6):
    dependencies:
      postcss: 8.5.6
      postcss-value-parser: 4.2.0
      svgo: 4.0.0

  postcss-unique-selectors@7.0.4(postcss@8.5.6):
    dependencies:
      postcss: 8.5.6
      postcss-selector-parser: 7.1.1

  postcss-value-parser@4.2.0: {}

  postcss@8.5.6:
    dependencies:
      nanoid: 3.3.11
      picocolors: 1.1.1
      source-map-js: 1.2.1

  posthtml-parser@0.11.0:
    dependencies:
      htmlparser2: 7.2.0

  posthtml-render@3.0.0:
    dependencies:
      is-json: 2.0.1

  posthtml@0.16.7:
    dependencies:
      posthtml-parser: 0.11.0
      posthtml-render: 3.0.0

  relateurl@0.2.7: {}

  resolve-from@4.0.0: {}

  sax@1.4.4: {}

  source-map-js@1.2.1: {}

  source-map-support@0.5.21:
    dependencies:
      buffer-from: 1.1.2
      source-map: 0.6.1

  source-map@0.6.1: {}

  stylehacks@7.0.7(postcss@8.5.6):
    dependencies:
      browserslist: 4.28.1
      postcss: 8.5.6
      postcss-selector-parser: 7.1.1

  svgo@4.0.0:
    dependencies:
      commander: 11.1.0
      css-select: 5.2.2
      css-tree: 3.1.0
      css-what: 6.2.2
      csso: 5.0.5
      picocolors: 1.1.1
      sax: 1.4.4

  terser@5.46.0:
    dependencies:
      '@jridgewell/source-map': 0.3.11
      acorn: 8.15.0
      commander: 2.20.3
      source-map-support: 0.5.21

  tslib@2.8.1: {}

  update-browserslist-db@1.2.3(browserslist@4.28.1):
    dependencies:
      browserslist: 4.28.1
      escalade: 3.2.0
      picocolors: 1.1.1

  util-deprecate@1.0.2: {}
